
Microsoft Visual Studio Solution File, Format Version 12.00
# Visual Studio 15
VisualStudioVersion = 15.0.26430.6
MinimumVisualStudioVersion = 10.0.40219.1
Project("{2150E333-8FDC-42A3-9474-1A3956D46DE8}") = "Parsers", "Parsers", "{8F994388-9528-4E34-8479-4CB0C5EC9EBE}"
	ProjectSection(SolutionItems) = preProject
		Simulators\Readme.txt = Simulators\Readme.txt
	EndProjectSection
EndProject
Project("{2150E333-8FDC-42A3-9474-1A3956D46DE8}") = "Zero_MQ_patterns", "Zero_MQ_patterns", "{649A6568-F0E9-4734-83DF-C844B0C1F515}"
EndProject
Project("{2150E333-8FDC-42A3-9474-1A3956D46DE8}") = "Simulators", "Simulators", "{7CC7BD5E-E214-42C2-9CE0-627FD6D9E0D5}"
	ProjectSection(SolutionItems) = preProject
		Simulators\requirements_1.txt = Simulators\requirements_1.txt
		Simulators\requirements_2.txt = Simulators\requirements_2.txt
	EndProjectSection
EndProject
Project("{2150E333-8FDC-42A3-9474-1A3956D46DE8}") = "Examples", "Examples", "{FAFE10AF-AF2C-4D6F-82BC-81ED9863EE85}"
EndProject
Project("{2150E333-8FDC-42A3-9474-1A3956D46DE8}") = "_GitHub", "_GitHub", "{E9200801-28A9-48F9-9CE7-FC85A30EBB58}"
	ProjectSection(SolutionItems) = preProject
		GitHubResources.txt = GitHubResources.txt
		GitHub\GitWorkflow.png = GitHub\GitWorkflow.png
	EndProjectSection
EndProject
Project("{2150E333-8FDC-42A3-9474-1A3956D46DE8}") = "_FSharp", "_FSharp", "{DE568A54-66CB-490F-B05E-A68098963527}"
	ProjectSection(SolutionItems) = preProject
		FSharp\1_Listing_4.2.txt = FSharp\1_Listing_4.2.txt
		FSharp\2_WorkingWithStrings.txt = FSharp\2_WorkingWithStrings.txt
		FSharp\3_FSharp.PowerPack.dll.txt = FSharp\3_FSharp.PowerPack.dll.txt
	EndProjectSection
EndProject
Project("{2150E333-8FDC-42A3-9474-1A3956D46DE8}") = "Composition-Examples", "Composition-Examples", "{B2EEDD0D-FA84-460D-9DBB-0F23C5AA3B06}"
EndProject
Project("{2150E333-8FDC-42A3-9474-1A3956D46DE8}") = "Basic-1", "Basic-1", "{5C8BB8FF-F0BD-4D56-AE71-C3F580AB8F47}"
	ProjectSection(SolutionItems) = preProject
		Examples\Composition-Examples\Basic-1\Readme.txt = Examples\Composition-Examples\Basic-1\Readme.txt
	EndProjectSection
EndProject
Project("{2150E333-8FDC-42A3-9474-1A3956D46DE8}") = "Advanced-1", "Advanced-1", "{A5C03099-87F4-4AED-8119-41056FF48722}"
	ProjectSection(SolutionItems) = preProject
		Examples\Composition-Examples\Advanced-1\Readme.txt = Examples\Composition-Examples\Advanced-1\Readme.txt
	EndProjectSection
EndProject
Project("{2150E333-8FDC-42A3-9474-1A3956D46DE8}") = "Installers-Examples", "Installers-Examples", "{C7C6F88C-55B2-466B-A0EB-318D990B2C2E}"
	ProjectSection(SolutionItems) = preProject
		Examples\Installers-Examples\WiX.txt = Examples\Installers-Examples\WiX.txt
	EndProjectSection
EndProject
Project("{2150E333-8FDC-42A3-9474-1A3956D46DE8}") = "HelloWix-1", "HelloWix-1", "{129DC57C-243A-4F82-BBCF-0A1E6ED6EC6E}"
	ProjectSection(SolutionItems) = preProject
		Examples\Installers-Examples\HelloWix-1\ntt_logo.ico = Examples\Installers-Examples\HelloWix-1\ntt_logo.ico
	EndProjectSection
EndProject
Project("{2150E333-8FDC-42A3-9474-1A3956D46DE8}") = "ZeroMQ-Examples", "ZeroMQ-Examples", "{BDAAF03F-645C-4E45-BAE7-3309CC441A9C}"
EndProject
Project("{2150E333-8FDC-42A3-9474-1A3956D46DE8}") = "Assets", "Assets", "{40C1783E-5AFE-4D71-B97F-2FBAF275A257}"
EndProject
Project("{2150E333-8FDC-42A3-9474-1A3956D46DE8}") = "LINQPad", "LINQPad", "{EF3AC871-513F-49E5-854F-30BCB5F6B9B6}"
	ProjectSection(SolutionItems) = preProject
		Assets\LINQPad\Example_Sql_1.linq = Assets\LINQPad\Example_Sql_1.linq
	EndProjectSection
EndProject
Project("{2150E333-8FDC-42A3-9474-1A3956D46DE8}") = "Updater-Examples", "Updater-Examples", "{F4356A52-5A33-4EA1-B523-F4AAE5B8E074}"
EndProject
Project("{2150E333-8FDC-42A3-9474-1A3956D46DE8}") = "Icons", "Icons", "{8370025A-AD2F-41C8-A5AF-C82008C5BB1F}"
	ProjectSection(SolutionItems) = preProject
		Assets\Icons\ntt_logo.ico = Assets\Icons\ntt_logo.ico
	EndProjectSection
EndProject
Project("{2150E333-8FDC-42A3-9474-1A3956D46DE8}") = "Docking-Examples", "Docking-Examples", "{79C78CAD-C08A-4A43-8E01-C91BC88BA1B6}"
EndProject
Project("{2150E333-8FDC-42A3-9474-1A3956D46DE8}") = "ZeroMQ-Basic-0", "ZeroMQ-Basic-0", "{2999A355-D7EB-4167-BE4D-D32E5BDE9917}"
	ProjectSection(SolutionItems) = preProject
		Examples\ZeroMQ-Examples\ZeroMQ-Basic-0\RequestResponse_Client_1.linq = Examples\ZeroMQ-Examples\ZeroMQ-Basic-0\RequestResponse_Client_1.linq
		Examples\ZeroMQ-Examples\ZeroMQ-Basic-0\RequestResponse_Server_1.linq = Examples\ZeroMQ-Examples\ZeroMQ-Basic-0\RequestResponse_Server_1.linq
	EndProjectSection
EndProject
Project("{2150E333-8FDC-42A3-9474-1A3956D46DE8}") = "HelloWix-2", "HelloWix-2", "{C9E9F105-FA5F-4E14-8DB2-95531033E62C}"
EndProject
Project("{2150E333-8FDC-42A3-9474-1A3956D46DE8}") = "HelloWix-3", "HelloWix-3", "{EC258AA4-7A4B-41BA-8BE2-E05555F2990B}"
EndProject
Project("{2150E333-8FDC-42A3-9474-1A3956D46DE8}") = "HelloWix-4", "HelloWix-4", "{6AA0E5B5-554D-4E94-9269-F1B0BCE7EB1E}"
EndProject
Project("{2150E333-8FDC-42A3-9474-1A3956D46DE8}") = "Prism-Examples", "Prism-Examples", "{1C0CCA8D-6D96-4532-B86A-E3FC4E598B37}"
EndProject
Project("{2150E333-8FDC-42A3-9474-1A3956D46DE8}") = "Prism-Samples-Wpf", "Prism-Samples-Wpf", "{5051B330-2E53-458B-A940-5BC19192E4C3}"
EndProject
Project("{2150E333-8FDC-42A3-9474-1A3956D46DE8}") = "HelloWix-5", "HelloWix-5", "{B5F948D6-31C9-4343-8576-66F7BBA3BF36}"
EndProject
Project("{2150E333-8FDC-42A3-9474-1A3956D46DE8}") = "LoadModules", "LoadModules", "{A426753C-68A9-4878-8ECD-7352D7C30E5D}"
EndProject
Project("{2150E333-8FDC-42A3-9474-1A3956D46DE8}") = "UsingEventAggregator", "UsingEventAggregator", "{49D62744-D740-41B5-9749-31686A7FA8C4}"
EndProject
Project("{2150E333-8FDC-42A3-9474-1A3956D46DE8}") = "UseRegions", "UseRegions", "{0DE1B2C1-8D37-426B-883A-336F7D2A4F55}"
EndProject
Project("{2150E333-8FDC-42A3-9474-1A3956D46DE8}") = "LoadViews", "LoadViews", "{48ECB05A-6DFE-4713-A927-5C32EEF18487}"
EndProject
Project("{2150E333-8FDC-42A3-9474-1A3956D46DE8}") = "Apps", "Apps", "{336F8F07-C586-45D4-B7E2-20FDB911D3B5}"
EndProject
Project("{2150E333-8FDC-42A3-9474-1A3956D46DE8}") = "HelloWix-6", "HelloWix-6", "{9C55C627-3A47-4A4A-9BE4-5468529816C6}"
	ProjectSection(SolutionItems) = preProject
		EmptyFolderFilePermissionNeUsers.txt = EmptyFolderFilePermissionNeUsers.txt
	EndProjectSection
EndProject
Project("{2150E333-8FDC-42A3-9474-1A3956D46DE8}") = "HelloWix-7", "HelloWix-7", "{E1EE2AFD-01C2-4039-82AE-A391005DBB0B}"
EndProject
Project("{2150E333-8FDC-42A3-9474-1A3956D46DE8}") = "WinDesktop", "WinDesktop", "{45449303-EA76-4B02-B1EE-CCBB11D41186}"
EndProject
Project("{2150E333-8FDC-42A3-9474-1A3956D46DE8}") = "Modules", "Modules", "{62CF1173-E7C8-4563-AD35-5AF9EADE86EA}"
EndProject
Project("{2150E333-8FDC-42A3-9474-1A3956D46DE8}") = "Services", "Services", "{B41C4F41-E9F6-4C26-B701-E6A51C4E716F}"
EndProject
Project("{2150E333-8FDC-42A3-9474-1A3956D46DE8}") = "_Notes", "_Notes", "{ED860E34-B8CA-4E78-AC0C-2167C5C67172}"
	ProjectSection(SolutionItems) = preProject
		LogXtreme.WinDsk.Notes.txt = LogXtreme.WinDsk.Notes.txt
		PrismNotes.txt = PrismNotes.txt
	EndProjectSection
EndProject
Project("{2150E333-8FDC-42A3-9474-1A3956D46DE8}") = "Business", "Business", "{A347067B-01F3-4599-8D51-ED23973E8043}"
EndProject
Project("{2150E333-8FDC-42A3-9474-1A3956D46DE8}") = "Infrastructure", "Infrastructure", "{F0C6C271-B1C0-4922-BE27-B2527AD6D2D1}"
EndProject
Project("{2150E333-8FDC-42A3-9474-1A3956D46DE8}") = "_Notes", "_Notes", "{54A549FC-CAB6-43C9-847E-FE7F3E5C50E7}"
	ProjectSection(SolutionItems) = preProject
		SolutionNotes.txt = SolutionNotes.txt
	EndProjectSection
EndProject
Project("{2150E333-8FDC-42A3-9474-1A3956D46DE8}") = "Comms", "Comms", "{54F16C71-D5DA-4F92-A183-832493915D5E}"
EndProject
Project("{2150E333-8FDC-42A3-9474-1A3956D46DE8}") = "Installers", "Installers", "{D0D3668D-1456-4E6F-962B-18F45853F1AD}"
EndProject
Project("{2150E333-8FDC-42A3-9474-1A3956D46DE8}") = "TestModules", "TestModules", "{B77FB842-C827-4853-82B0-142F5C246A69}"
EndProject
Project("{2150E333-8FDC-42A3-9474-1A3956D46DE8}") = "BasicRegionNavigation", "BasicRegionNavigation", "{933969A6-4EFA-4971-B4E6-2EA02F748ADD}"
EndProject
Project("{FAE04EC0-301F-11D3-BF4B-00C04F79EFBC}") = "TcpListener", "Simulators\TcpListener\TcpListener.csproj", "{E3D0E125-53AC-4884-BBDB-E2C29E5D8991}"
EndProject
Project("{FAE04EC0-301F-11D3-BF4B-00C04F79EFBC}") = "TcpClient", "Simulators\TcpClient\TcpClient.csproj", "{FFAA5880-6B81-41DF-93F9-6D111113695D}"
EndProject
Project("{FAE04EC0-301F-11D3-BF4B-00C04F79EFBC}") = "LoggerSim", "Simulators\LoggerSim\LoggerSim.csproj", "{0C62B189-10A6-4597-BEE3-B253A5D35E1F}"
EndProject
Project("{FAE04EC0-301F-11D3-BF4B-00C04F79EFBC}") = "CommandLinePowerArgs", "Simulators\CommandLinePowersArgs\CommandLinePowerArgs.csproj", "{79CB8FC6-049A-4553-BDC7-06DF2A922898}"
EndProject
Project("{FAE04EC0-301F-11D3-BF4B-00C04F79EFBC}") = "CommandLineFluent", "Simulators\CommandLineFluent\CommandLineFluent.csproj", "{E5A88967-3B37-4C42-ADDA-FA49F46206E9}"
EndProject
Project("{FAE04EC0-301F-11D3-BF4B-00C04F79EFBC}") = "ZeroMQ_PUSH", "Simulators\ZeroMQ_Test_1\ZeroMQ_PUSH.csproj", "{251C6EC8-00F4-499E-A468-67D95B414E0E}"
EndProject
Project("{FAE04EC0-301F-11D3-BF4B-00C04F79EFBC}") = "ZeroMQ_PULL", "Simulators\ZeroMQ_Test_2\ZeroMQ_PULL.csproj", "{D42A1ABF-D663-4BA7-A3C6-B02BBB9EF5A0}"
EndProject
Project("{FAE04EC0-301F-11D3-BF4B-00C04F79EFBC}") = "ZeroMQ_PUB", "Simulators\Zero_MQ_PUB\ZeroMQ_PUB.csproj", "{DBB4A367-DD6C-4600-AC78-CE1F3D28A6F0}"
EndProject
Project("{FAE04EC0-301F-11D3-BF4B-00C04F79EFBC}") = "ZeroMQ_SUB_1", "Simulators\ZeroMQ_SUB\ZeroMQ_SUB_1.csproj", "{4318A112-1E9D-406D-9102-E09AA7CD6CAD}"
EndProject
Project("{FAE04EC0-301F-11D3-BF4B-00C04F79EFBC}") = "ZeroMQ_SUB_2", "Simulators\ZeroMQ_SUB_2\ZeroMQ_SUB_2.csproj", "{8188B0BC-3F50-4284-A84A-7E3235E35F77}"
EndProject
Project("{FAE04EC0-301F-11D3-BF4B-00C04F79EFBC}") = "CompositionWpfEx4", "Examples\Composition-Examples\Advanced-1\CompositionWpfEx4\CompositionWpfEx4.csproj", "{F0ECA8D4-1A43-4787-90FC-71537707D11C}"
EndProject
Project("{FAE04EC0-301F-11D3-BF4B-00C04F79EFBC}") = "WpfEmf.Interfaces", "Examples\Composition-Examples\Advanced-1\WpfEmf.Interfaces\WpfEmf.Interfaces.csproj", "{AE0440EC-2597-4194-8273-11136A3DF65F}"
EndProject
Project("{FAE04EC0-301F-11D3-BF4B-00C04F79EFBC}") = "WpfEmf.Plugin.Customer.WpfControlLibrary", "Examples\Composition-Examples\Advanced-1\WpfEmf.Plugin.Customer.WpfControlLibrary\WpfEmf.Plugin.Customer.WpfControlLibrary.csproj", "{C11DA2A8-9C4F-441F-AA71-46F21F6F0CBC}"
EndProject
Project("{FAE04EC0-301F-11D3-BF4B-00C04F79EFBC}") = "WpfEmf.Plugin.Product.WpfControlLibrary", "Examples\Composition-Examples\Advanced-1\WpfEmf.Plugin.Product.WpfControlLibrary\WpfEmf.Plugin.Product.WpfControlLibrary.csproj", "{7A305F95-E462-4C84-AEB4-C6EFDED01E36}"
EndProject
Project("{FAE04EC0-301F-11D3-BF4B-00C04F79EFBC}") = "WpfEmf.PluginCustomer", "Examples\Composition-Examples\Advanced-1\WpfEmf.PluginCustomer\WpfEmf.PluginCustomer.csproj", "{3F766682-77A6-4BFE-A677-BD3EBC465C06}"
EndProject
Project("{FAE04EC0-301F-11D3-BF4B-00C04F79EFBC}") = "WpfEmf.PluginProduct", "Examples\Composition-Examples\Advanced-1\WpfEmf.PluginProduct\WpfEmf.PluginProduct.csproj", "{FE2A821C-CE76-43FA-AE99-8B4B0BB1F01B}"
EndProject
Project("{FAE04EC0-301F-11D3-BF4B-00C04F79EFBC}") = "WpfEmf.ViewModels", "Examples\Composition-Examples\Advanced-1\WpfEmf.ViewModels\WpfEmf.ViewModels.csproj", "{D857D44F-C714-4A7A-A9A4-767411311D62}"
EndProject
Project("{930C7802-8A8C-48F9-8165-68863BCCD9DD}") = "HelloWix-1", "Examples\Installers-Examples\HelloWix-1\HelloWix-1.wixproj", "{6C506C51-75CA-4749-BD47-136B0AE00F71}"
EndProject
Project("{FAE04EC0-301F-11D3-BF4B-00C04F79EFBC}") = "CompositionEx1", "Examples\Composition-Examples\Basic-1\CompositionEx1\CompositionEx1.csproj", "{59A2A05A-F281-4B4F-A4CC-3ABA219B7FEB}"
EndProject
Project("{FAE04EC0-301F-11D3-BF4B-00C04F79EFBC}") = "CompositionEx2", "Examples\Composition-Examples\Basic-1\CompositionEx2\CompositionEx2.csproj", "{43E294A2-DD99-40FB-BFA1-5C760A902D9E}"
EndProject
Project("{FAE04EC0-301F-11D3-BF4B-00C04F79EFBC}") = "CompositionWpfEx3", "Examples\Composition-Examples\Basic-1\CompositionWpfEx3\CompositionWpfEx3.csproj", "{703CDDE9-CEB2-47EC-897D-1C8C468C9D5B}"
EndProject
Project("{FAE04EC0-301F-11D3-BF4B-00C04F79EFBC}") = "IntroMEF.Interfaces", "Examples\Composition-Examples\Basic-1\IntroMEF.Interfaces\IntroMEF.Interfaces.csproj", "{4B57534A-9C72-43E4-BA43-0CC70452EE6A}"
EndProject
Project("{FAE04EC0-301F-11D3-BF4B-00C04F79EFBC}") = "IntroMEF.Modules", "Examples\Composition-Examples\Basic-1\IntroMEF.Modules\IntroMEF.Modules.csproj", "{FC5B7484-B630-47C2-9819-2D35B36FAEF8}"
EndProject
Project("{FAE04EC0-301F-11D3-BF4B-00C04F79EFBC}") = "WpfMef.Interfaces", "Examples\Composition-Examples\Basic-1\WpfMef.Interfaces\WpfMef.Interfaces.csproj", "{9520A719-81D2-41F3-9E6A-1E90B8B7CEA4}"
EndProject
Project("{FAE04EC0-301F-11D3-BF4B-00C04F79EFBC}") = "WpfMef.Modules", "Examples\Composition-Examples\Basic-1\WpfMef.Modules\WpfMef.Modules.csproj", "{71BFA319-1012-45F6-8667-317F37704221}"
EndProject
Project("{FAE04EC0-301F-11D3-BF4B-00C04F79EFBC}") = "ZeroMQ-Basic-1", "Examples\ZeroMQ-Examples\ZeroMQ-Basic-1\ZeroMQ-Basic-1.csproj", "{FB040439-F4CD-45F4-97D0-9FEADB2E121C}"
EndProject
Project("{930C7802-8A8C-48F9-8165-68863BCCD9DD}") = "HelloWix-2", "Examples\Installers-Examples\HelloWix-2\HelloWix-2.wixproj", "{76DEE9DC-144F-41A9-87F9-0980728C1E82}"
EndProject
Project("{930C7802-8A8C-48F9-8165-68863BCCD9DD}") = "HelloWix-3", "Examples\Installers-Examples\HelloWix-3\HelloWix-3.wixproj", "{37DF4461-61B8-48B8-B3F5-2635B4685C7C}"
EndProject
Project("{FAE04EC0-301F-11D3-BF4B-00C04F79EFBC}") = "HelloWixTetsApp1", "Examples\Installers-Examples\HelloWixTetsApp1\HelloWixTetsApp1.csproj", "{EDF7CAB4-F73F-4B20-A84B-27FD3A8F436F}"
EndProject
Project("{FAE04EC0-301F-11D3-BF4B-00C04F79EFBC}") = "HelloWixTestLib1", "Examples\Installers-Examples\HelloWixTestLib1\HelloWixTestLib1.csproj", "{660319B3-363C-40A6-8DEE-CA8F48DAD6AE}"
EndProject
Project("{930C7802-8A8C-48F9-8165-68863BCCD9DD}") = "HelloWix-4", "Examples\Installers-Examples\HelloWix-4\HelloWix-4.wixproj", "{39EBC92D-D3A0-421F-9FBB-7DA413F63288}"
EndProject
Project("{FAE04EC0-301F-11D3-BF4B-00C04F79EFBC}") = "BootstrapperShell", "Examples\Prism-Examples\Prism-Samples-Wpf\1-BootstrapperShell\BootstrapperShell\BootstrapperShell.csproj", "{99C9E82C-C594-446D-AA59-8FFBC43AD226}"
EndProject
Project("{FAE04EC0-301F-11D3-BF4B-00C04F79EFBC}") = "Regions", "Examples\Prism-Examples\Prism-Samples-Wpf\2-Regions\Regions\Regions.csproj", "{175D974F-5770-43E1-8C28-813DED8525EF}"
EndProject
Project("{FAE04EC0-301F-11D3-BF4B-00C04F79EFBC}") = "RegionsCustom", "Examples\Prism-Examples\Prism-Samples-Wpf\3-CustomRegions\Regions\RegionsCustom.csproj", "{47C79E8F-B568-4B5E-A98E-79B3AEF716BD}"
EndProject
Project("{FAE04EC0-301F-11D3-BF4B-00C04F79EFBC}") = "View1Discovery", "Examples\Prism-Examples\Prism-Samples-Wpf\4-ViewDiscovery\ViewDiscovery\View1Discovery.csproj", "{A5B35F7E-F9BD-45C8-9FBE-D780AF76C6BB}"
EndProject
Project("{930C7802-8A8C-48F9-8165-68863BCCD9DD}") = "HelloWix-5", "Examples\Installers-Examples\HelloWix-5\HelloWix-5.wixproj", "{1FBCD2B2-CA1D-415E-80C5-32751255FEAD}"
	ProjectSection(ProjectDependencies) = postProject
		{E9E96BD5-31D8-4096-82BD-74FA0000F40B} = {E9E96BD5-31D8-4096-82BD-74FA0000F40B}
	EndProjectSection
EndProject
Project("{FAE04EC0-301F-11D3-BF4B-00C04F79EFBC}") = "View2Injection", "Examples\Prism-Examples\Prism-Samples-Wpf\5-ViewInjection\ViewInjection\View2Injection.csproj", "{14EC94D4-6042-4D5C-B9E5-B760809372D0}"
EndProject
Project("{FAE04EC0-301F-11D3-BF4B-00C04F79EFBC}") = "MyStronglySignedAssembly1", "Examples\Installers-Examples\MyStronglySignedAssembly1\MyStronglySignedAssembly1.csproj", "{E9E96BD5-31D8-4096-82BD-74FA0000F40B}"
EndProject
Project("{FAE04EC0-301F-11D3-BF4B-00C04F79EFBC}") = "View3ActivationDeactivation", "Examples\Prism-Examples\Prism-Samples-Wpf\6-ViewActivationDeactivation\ActivationDeactivation\View3ActivationDeactivation.csproj", "{373C2A89-02AE-4D83-82E5-13D3B4B15691}"
EndProject
Project("{FAE04EC0-301F-11D3-BF4B-00C04F79EFBC}") = "ModulesAppConfig", "Examples\Prism-Examples\Prism-Samples-Wpf\7-Modules - AppConfig\Modules\ModulesAppConfig.csproj", "{8A520113-4B42-41FE-B04A-7BD84E2ABC91}"
	ProjectSection(ProjectDependencies) = postProject
		{AB8B448C-DD74-4D60-A041-3E5D03A32180} = {AB8B448C-DD74-4D60-A041-3E5D03A32180}
	EndProjectSection
EndProject
Project("{FAE04EC0-301F-11D3-BF4B-00C04F79EFBC}") = "ModulesCode", "Examples\Prism-Examples\Prism-Samples-Wpf\7-Modules - Code\Modules\ModulesCode.csproj", "{46A1FA93-8615-4AE3-BD61-552CF7B2B46B}"
EndProject
Project("{FAE04EC0-301F-11D3-BF4B-00C04F79EFBC}") = "ModulesDirectory", "Examples\Prism-Examples\Prism-Samples-Wpf\7-Modules - Directory\Modules\ModulesDirectory.csproj", "{2F9BEC46-AC34-4322-9788-89F42DBC5152}"
	ProjectSection(ProjectDependencies) = postProject
		{52FFDE38-1DE0-4E41-B96A-DC5E4C261414} = {52FFDE38-1DE0-4E41-B96A-DC5E4C261414}
	EndProjectSection
EndProject
Project("{FAE04EC0-301F-11D3-BF4B-00C04F79EFBC}") = "ModulesManualLoad", "Examples\Prism-Examples\Prism-Samples-Wpf\7-Modules - LoadManual\Modules\ModulesManualLoad.csproj", "{9B316E7A-2C27-49CE-8DEB-B31CDFA6C249}"
EndProject
Project("{FAE04EC0-301F-11D3-BF4B-00C04F79EFBC}") = "ModuleAAppConfig", "Examples\Prism-Examples\Prism-Samples-Wpf\7-Modules - AppConfig\ModuleA\ModuleAAppConfig.csproj", "{AB8B448C-DD74-4D60-A041-3E5D03A32180}"
EndProject
Project("{FAE04EC0-301F-11D3-BF4B-00C04F79EFBC}") = "ModuleACode", "Examples\Prism-Examples\Prism-Samples-Wpf\7-Modules - Code\ModuleA\ModuleACode.csproj", "{DCB9DA11-C0B3-4C57-B98D-8AA9BAB9BE40}"
EndProject
Project("{FAE04EC0-301F-11D3-BF4B-00C04F79EFBC}") = "ModuleADirectory", "Examples\Prism-Examples\Prism-Samples-Wpf\7-Modules - Directory\ModuleA\ModuleADirectory.csproj", "{52FFDE38-1DE0-4E41-B96A-DC5E4C261414}"
EndProject
Project("{FAE04EC0-301F-11D3-BF4B-00C04F79EFBC}") = "ModuleAManualLoad", "Examples\Prism-Examples\Prism-Samples-Wpf\7-Modules - LoadManual\ModuleA\ModuleAManualLoad.csproj", "{462B8FCD-799A-4284-A565-018CE7E1E52C}"
EndProject
Project("{FAE04EC0-301F-11D3-BF4B-00C04F79EFBC}") = "ModulesXAML", "Examples\Prism-Examples\Prism-Samples-Wpf\7-Modules -XAML\ModulesXAML\ModulesXAML.csproj", "{840A4071-FCD2-4796-91F3-2A4313C75D1B}"
EndProject
Project("{FAE04EC0-301F-11D3-BF4B-00C04F79EFBC}") = "UsingEventAggregator.Core", "Examples\Prism-Examples\Prism-Samples-Wpf\14-UsingEventAggregator\UsingEventAggregator.Core\UsingEventAggregator.Core.csproj", "{E97A55B5-66F7-48C8-908D-C1C0C3D780C8}"
EndProject
Project("{FAE04EC0-301F-11D3-BF4B-00C04F79EFBC}") = "UsingEventAggregator", "Examples\Prism-Examples\Prism-Samples-Wpf\14-UsingEventAggregator\UsingEventAggregator\UsingEventAggregator.csproj", "{BB1A970E-6021-4551-87D7-4663BDA95B83}"
	ProjectSection(ProjectDependencies) = postProject
		{1A9F2288-7E7C-4DE0-B67B-3176B5142857} = {1A9F2288-7E7C-4DE0-B67B-3176B5142857}
	EndProjectSection
EndProject
Project("{FAE04EC0-301F-11D3-BF4B-00C04F79EFBC}") = "EventAggregatorModuleB", "Examples\Prism-Examples\Prism-Samples-Wpf\14-UsingEventAggregator\ModuleB\EventAggregatorModuleB.csproj", "{3AF56532-15B2-436E-8813-BA13B64DFBB3}"
EndProject
Project("{FAE04EC0-301F-11D3-BF4B-00C04F79EFBC}") = "EventAggregatorModuleA", "Examples\Prism-Examples\Prism-Samples-Wpf\14-UsingEventAggregator\ModuleA\EventAggregatorModuleA.csproj", "{1A9F2288-7E7C-4DE0-B67B-3176B5142857}"
EndProject
Project("{930C7802-8A8C-48F9-8165-68863BCCD9DD}") = "HelloWix-6", "Examples\Installers-Examples\HelloWix-6\HelloWix-6.wixproj", "{182ECC6B-E4F0-43F9-B118-54AD553689E7}"
EndProject
Project("{930C7802-8A8C-48F9-8165-68863BCCD9DD}") = "HelloWix-7", "Examples\Installers-Examples\HelloWix-7\HelloWix-7.wixproj", "{7ED44290-B733-465E-8DA7-654FD249032A}"
EndProject
Project("{FAE04EC0-301F-11D3-BF4B-00C04F79EFBC}") = "LogXtreme.WinDsk.Infrastructure", "Apps\WinDesktop\LogXtreme.WinDsk.Infrastructure\LogXtreme.WinDsk.Infrastructure.csproj", "{489706E3-C226-4D83-BB3D-C5A0D49D3835}"
EndProject
Project("{FAE04EC0-301F-11D3-BF4B-00C04F79EFBC}") = "ModuleA", "Apps\WinDesktop\Modules\TestModules\ModuleA\ModuleA.csproj", "{FA36194E-68EC-4179-B9AC-EF9D1B843DB7}"
EndProject
Project("{FAE04EC0-301F-11D3-BF4B-00C04F79EFBC}") = "ModuleB", "Apps\WinDesktop\Modules\TestModules\ModuleB\ModuleB.csproj", "{A2701A97-77CB-4BB2-9CB3-CE4B30DAC983}"
EndProject
Project("{FAE04EC0-301F-11D3-BF4B-00C04F79EFBC}") = "ModuleC", "Apps\WinDesktop\Modules\TestModules\ModuleC\ModuleC.csproj", "{3381F123-4971-4DE4-9982-4370DAD2A4B0}"
EndProject
Project("{FAE04EC0-301F-11D3-BF4B-00C04F79EFBC}") = "BasicRegionNavigation", "Examples\Prism-Examples\Prism-Samples-Wpf\17-BasicRegionNavigation\BasicRegionNavigation\BasicRegionNavigation.csproj", "{26DCC6D3-46FA-4D4D-AFE0-DE2F88404306}"
EndProject
Project("{FAE04EC0-301F-11D3-BF4B-00C04F79EFBC}") = "ModuleA", "Examples\Prism-Examples\Prism-Samples-Wpf\17-BasicRegionNavigation\ModuleA\ModuleA.csproj", "{50E055F6-083F-4C46-9CF7-BC2DC23E1552}"
EndProject
Project("{FAE04EC0-301F-11D3-BF4B-00C04F79EFBC}") = "ModuleD", "Apps\WinDesktop\Modules\TestModules\ModuleD\ModuleD.csproj", "{E33B900A-787B-44E1-B99B-7F7264320BE6}"
EndProject
Project("{FAE04EC0-301F-11D3-BF4B-00C04F79EFBC}") = "LogXtreme.WinDsk.TestApp1", "Apps\WinDesktop\LogXtreme.WinDsk.TestApp1\LogXtreme.WinDsk.TestApp1.csproj", "{E0926928-EA49-4304-A9C4-DFB0426FA167}"
EndProject
Global
	GlobalSection(SolutionConfigurationPlatforms) = preSolution
		Debug|Any CPU = Debug|Any CPU
		Debug|x86 = Debug|x86
		Release|Any CPU = Release|Any CPU
		Release|x86 = Release|x86
	EndGlobalSection
	GlobalSection(ProjectConfigurationPlatforms) = postSolution
		{E3D0E125-53AC-4884-BBDB-E2C29E5D8991}.Debug|Any CPU.ActiveCfg = Debug|Any CPU
		{E3D0E125-53AC-4884-BBDB-E2C29E5D8991}.Debug|Any CPU.Build.0 = Debug|Any CPU
		{E3D0E125-53AC-4884-BBDB-E2C29E5D8991}.Debug|x86.ActiveCfg = Debug|Any CPU
		{E3D0E125-53AC-4884-BBDB-E2C29E5D8991}.Debug|x86.Build.0 = Debug|Any CPU
		{E3D0E125-53AC-4884-BBDB-E2C29E5D8991}.Release|Any CPU.ActiveCfg = Release|Any CPU
		{E3D0E125-53AC-4884-BBDB-E2C29E5D8991}.Release|Any CPU.Build.0 = Release|Any CPU
		{E3D0E125-53AC-4884-BBDB-E2C29E5D8991}.Release|x86.ActiveCfg = Release|Any CPU
		{E3D0E125-53AC-4884-BBDB-E2C29E5D8991}.Release|x86.Build.0 = Release|Any CPU
		{FFAA5880-6B81-41DF-93F9-6D111113695D}.Debug|Any CPU.ActiveCfg = Debug|Any CPU
		{FFAA5880-6B81-41DF-93F9-6D111113695D}.Debug|Any CPU.Build.0 = Debug|Any CPU
		{FFAA5880-6B81-41DF-93F9-6D111113695D}.Debug|x86.ActiveCfg = Debug|Any CPU
		{FFAA5880-6B81-41DF-93F9-6D111113695D}.Debug|x86.Build.0 = Debug|Any CPU
		{FFAA5880-6B81-41DF-93F9-6D111113695D}.Release|Any CPU.ActiveCfg = Release|Any CPU
		{FFAA5880-6B81-41DF-93F9-6D111113695D}.Release|Any CPU.Build.0 = Release|Any CPU
		{FFAA5880-6B81-41DF-93F9-6D111113695D}.Release|x86.ActiveCfg = Release|Any CPU
		{FFAA5880-6B81-41DF-93F9-6D111113695D}.Release|x86.Build.0 = Release|Any CPU
		{0C62B189-10A6-4597-BEE3-B253A5D35E1F}.Debug|Any CPU.ActiveCfg = Debug|Any CPU
		{0C62B189-10A6-4597-BEE3-B253A5D35E1F}.Debug|Any CPU.Build.0 = Debug|Any CPU
		{0C62B189-10A6-4597-BEE3-B253A5D35E1F}.Debug|x86.ActiveCfg = Debug|Any CPU
		{0C62B189-10A6-4597-BEE3-B253A5D35E1F}.Debug|x86.Build.0 = Debug|Any CPU
		{0C62B189-10A6-4597-BEE3-B253A5D35E1F}.Release|Any CPU.ActiveCfg = Release|Any CPU
		{0C62B189-10A6-4597-BEE3-B253A5D35E1F}.Release|Any CPU.Build.0 = Release|Any CPU
		{0C62B189-10A6-4597-BEE3-B253A5D35E1F}.Release|x86.ActiveCfg = Release|Any CPU
		{0C62B189-10A6-4597-BEE3-B253A5D35E1F}.Release|x86.Build.0 = Release|Any CPU
		{79CB8FC6-049A-4553-BDC7-06DF2A922898}.Debug|Any CPU.ActiveCfg = Debug|Any CPU
		{79CB8FC6-049A-4553-BDC7-06DF2A922898}.Debug|Any CPU.Build.0 = Debug|Any CPU
		{79CB8FC6-049A-4553-BDC7-06DF2A922898}.Debug|x86.ActiveCfg = Debug|Any CPU
		{79CB8FC6-049A-4553-BDC7-06DF2A922898}.Debug|x86.Build.0 = Debug|Any CPU
		{79CB8FC6-049A-4553-BDC7-06DF2A922898}.Release|Any CPU.ActiveCfg = Release|Any CPU
		{79CB8FC6-049A-4553-BDC7-06DF2A922898}.Release|Any CPU.Build.0 = Release|Any CPU
		{79CB8FC6-049A-4553-BDC7-06DF2A922898}.Release|x86.ActiveCfg = Release|Any CPU
		{79CB8FC6-049A-4553-BDC7-06DF2A922898}.Release|x86.Build.0 = Release|Any CPU
		{E5A88967-3B37-4C42-ADDA-FA49F46206E9}.Debug|Any CPU.ActiveCfg = Debug|Any CPU
		{E5A88967-3B37-4C42-ADDA-FA49F46206E9}.Debug|Any CPU.Build.0 = Debug|Any CPU
		{E5A88967-3B37-4C42-ADDA-FA49F46206E9}.Debug|x86.ActiveCfg = Debug|Any CPU
		{E5A88967-3B37-4C42-ADDA-FA49F46206E9}.Debug|x86.Build.0 = Debug|Any CPU
		{E5A88967-3B37-4C42-ADDA-FA49F46206E9}.Release|Any CPU.ActiveCfg = Release|Any CPU
		{E5A88967-3B37-4C42-ADDA-FA49F46206E9}.Release|Any CPU.Build.0 = Release|Any CPU
		{E5A88967-3B37-4C42-ADDA-FA49F46206E9}.Release|x86.ActiveCfg = Release|Any CPU
		{E5A88967-3B37-4C42-ADDA-FA49F46206E9}.Release|x86.Build.0 = Release|Any CPU
		{251C6EC8-00F4-499E-A468-67D95B414E0E}.Debug|Any CPU.ActiveCfg = Debug|Any CPU
		{251C6EC8-00F4-499E-A468-67D95B414E0E}.Debug|Any CPU.Build.0 = Debug|Any CPU
		{251C6EC8-00F4-499E-A468-67D95B414E0E}.Debug|x86.ActiveCfg = Debug|Any CPU
		{251C6EC8-00F4-499E-A468-67D95B414E0E}.Debug|x86.Build.0 = Debug|Any CPU
		{251C6EC8-00F4-499E-A468-67D95B414E0E}.Release|Any CPU.ActiveCfg = Release|Any CPU
		{251C6EC8-00F4-499E-A468-67D95B414E0E}.Release|Any CPU.Build.0 = Release|Any CPU
		{251C6EC8-00F4-499E-A468-67D95B414E0E}.Release|x86.ActiveCfg = Release|Any CPU
		{251C6EC8-00F4-499E-A468-67D95B414E0E}.Release|x86.Build.0 = Release|Any CPU
		{D42A1ABF-D663-4BA7-A3C6-B02BBB9EF5A0}.Debug|Any CPU.ActiveCfg = Debug|Any CPU
		{D42A1ABF-D663-4BA7-A3C6-B02BBB9EF5A0}.Debug|Any CPU.Build.0 = Debug|Any CPU
		{D42A1ABF-D663-4BA7-A3C6-B02BBB9EF5A0}.Debug|x86.ActiveCfg = Debug|Any CPU
		{D42A1ABF-D663-4BA7-A3C6-B02BBB9EF5A0}.Debug|x86.Build.0 = Debug|Any CPU
		{D42A1ABF-D663-4BA7-A3C6-B02BBB9EF5A0}.Release|Any CPU.ActiveCfg = Release|Any CPU
		{D42A1ABF-D663-4BA7-A3C6-B02BBB9EF5A0}.Release|Any CPU.Build.0 = Release|Any CPU
		{D42A1ABF-D663-4BA7-A3C6-B02BBB9EF5A0}.Release|x86.ActiveCfg = Release|Any CPU
		{D42A1ABF-D663-4BA7-A3C6-B02BBB9EF5A0}.Release|x86.Build.0 = Release|Any CPU
		{DBB4A367-DD6C-4600-AC78-CE1F3D28A6F0}.Debug|Any CPU.ActiveCfg = Debug|Any CPU
		{DBB4A367-DD6C-4600-AC78-CE1F3D28A6F0}.Debug|Any CPU.Build.0 = Debug|Any CPU
		{DBB4A367-DD6C-4600-AC78-CE1F3D28A6F0}.Debug|x86.ActiveCfg = Debug|Any CPU
		{DBB4A367-DD6C-4600-AC78-CE1F3D28A6F0}.Debug|x86.Build.0 = Debug|Any CPU
		{DBB4A367-DD6C-4600-AC78-CE1F3D28A6F0}.Release|Any CPU.ActiveCfg = Release|Any CPU
		{DBB4A367-DD6C-4600-AC78-CE1F3D28A6F0}.Release|Any CPU.Build.0 = Release|Any CPU
		{DBB4A367-DD6C-4600-AC78-CE1F3D28A6F0}.Release|x86.ActiveCfg = Release|Any CPU
		{DBB4A367-DD6C-4600-AC78-CE1F3D28A6F0}.Release|x86.Build.0 = Release|Any CPU
		{4318A112-1E9D-406D-9102-E09AA7CD6CAD}.Debug|Any CPU.ActiveCfg = Debug|Any CPU
		{4318A112-1E9D-406D-9102-E09AA7CD6CAD}.Debug|Any CPU.Build.0 = Debug|Any CPU
		{4318A112-1E9D-406D-9102-E09AA7CD6CAD}.Debug|x86.ActiveCfg = Debug|Any CPU
		{4318A112-1E9D-406D-9102-E09AA7CD6CAD}.Debug|x86.Build.0 = Debug|Any CPU
		{4318A112-1E9D-406D-9102-E09AA7CD6CAD}.Release|Any CPU.ActiveCfg = Release|Any CPU
		{4318A112-1E9D-406D-9102-E09AA7CD6CAD}.Release|Any CPU.Build.0 = Release|Any CPU
		{4318A112-1E9D-406D-9102-E09AA7CD6CAD}.Release|x86.ActiveCfg = Release|Any CPU
		{4318A112-1E9D-406D-9102-E09AA7CD6CAD}.Release|x86.Build.0 = Release|Any CPU
		{8188B0BC-3F50-4284-A84A-7E3235E35F77}.Debug|Any CPU.ActiveCfg = Debug|Any CPU
		{8188B0BC-3F50-4284-A84A-7E3235E35F77}.Debug|Any CPU.Build.0 = Debug|Any CPU
		{8188B0BC-3F50-4284-A84A-7E3235E35F77}.Debug|x86.ActiveCfg = Debug|Any CPU
		{8188B0BC-3F50-4284-A84A-7E3235E35F77}.Debug|x86.Build.0 = Debug|Any CPU
		{8188B0BC-3F50-4284-A84A-7E3235E35F77}.Release|Any CPU.ActiveCfg = Release|Any CPU
		{8188B0BC-3F50-4284-A84A-7E3235E35F77}.Release|Any CPU.Build.0 = Release|Any CPU
		{8188B0BC-3F50-4284-A84A-7E3235E35F77}.Release|x86.ActiveCfg = Release|Any CPU
		{8188B0BC-3F50-4284-A84A-7E3235E35F77}.Release|x86.Build.0 = Release|Any CPU
		{F0ECA8D4-1A43-4787-90FC-71537707D11C}.Debug|Any CPU.ActiveCfg = Debug|Any CPU
		{F0ECA8D4-1A43-4787-90FC-71537707D11C}.Debug|Any CPU.Build.0 = Debug|Any CPU
		{F0ECA8D4-1A43-4787-90FC-71537707D11C}.Debug|x86.ActiveCfg = Debug|Any CPU
		{F0ECA8D4-1A43-4787-90FC-71537707D11C}.Debug|x86.Build.0 = Debug|Any CPU
		{F0ECA8D4-1A43-4787-90FC-71537707D11C}.Release|Any CPU.ActiveCfg = Release|Any CPU
		{F0ECA8D4-1A43-4787-90FC-71537707D11C}.Release|Any CPU.Build.0 = Release|Any CPU
		{F0ECA8D4-1A43-4787-90FC-71537707D11C}.Release|x86.ActiveCfg = Release|Any CPU
		{F0ECA8D4-1A43-4787-90FC-71537707D11C}.Release|x86.Build.0 = Release|Any CPU
		{AE0440EC-2597-4194-8273-11136A3DF65F}.Debug|Any CPU.ActiveCfg = Debug|Any CPU
		{AE0440EC-2597-4194-8273-11136A3DF65F}.Debug|Any CPU.Build.0 = Debug|Any CPU
		{AE0440EC-2597-4194-8273-11136A3DF65F}.Debug|x86.ActiveCfg = Debug|Any CPU
		{AE0440EC-2597-4194-8273-11136A3DF65F}.Debug|x86.Build.0 = Debug|Any CPU
		{AE0440EC-2597-4194-8273-11136A3DF65F}.Release|Any CPU.ActiveCfg = Release|Any CPU
		{AE0440EC-2597-4194-8273-11136A3DF65F}.Release|Any CPU.Build.0 = Release|Any CPU
		{AE0440EC-2597-4194-8273-11136A3DF65F}.Release|x86.ActiveCfg = Release|Any CPU
		{AE0440EC-2597-4194-8273-11136A3DF65F}.Release|x86.Build.0 = Release|Any CPU
		{C11DA2A8-9C4F-441F-AA71-46F21F6F0CBC}.Debug|Any CPU.ActiveCfg = Debug|Any CPU
		{C11DA2A8-9C4F-441F-AA71-46F21F6F0CBC}.Debug|Any CPU.Build.0 = Debug|Any CPU
		{C11DA2A8-9C4F-441F-AA71-46F21F6F0CBC}.Debug|x86.ActiveCfg = Debug|Any CPU
		{C11DA2A8-9C4F-441F-AA71-46F21F6F0CBC}.Debug|x86.Build.0 = Debug|Any CPU
		{C11DA2A8-9C4F-441F-AA71-46F21F6F0CBC}.Release|Any CPU.ActiveCfg = Release|Any CPU
		{C11DA2A8-9C4F-441F-AA71-46F21F6F0CBC}.Release|Any CPU.Build.0 = Release|Any CPU
		{C11DA2A8-9C4F-441F-AA71-46F21F6F0CBC}.Release|x86.ActiveCfg = Release|Any CPU
		{C11DA2A8-9C4F-441F-AA71-46F21F6F0CBC}.Release|x86.Build.0 = Release|Any CPU
		{7A305F95-E462-4C84-AEB4-C6EFDED01E36}.Debug|Any CPU.ActiveCfg = Debug|Any CPU
		{7A305F95-E462-4C84-AEB4-C6EFDED01E36}.Debug|Any CPU.Build.0 = Debug|Any CPU
		{7A305F95-E462-4C84-AEB4-C6EFDED01E36}.Debug|x86.ActiveCfg = Debug|Any CPU
		{7A305F95-E462-4C84-AEB4-C6EFDED01E36}.Debug|x86.Build.0 = Debug|Any CPU
		{7A305F95-E462-4C84-AEB4-C6EFDED01E36}.Release|Any CPU.ActiveCfg = Release|Any CPU
		{7A305F95-E462-4C84-AEB4-C6EFDED01E36}.Release|Any CPU.Build.0 = Release|Any CPU
		{7A305F95-E462-4C84-AEB4-C6EFDED01E36}.Release|x86.ActiveCfg = Release|Any CPU
		{7A305F95-E462-4C84-AEB4-C6EFDED01E36}.Release|x86.Build.0 = Release|Any CPU
		{3F766682-77A6-4BFE-A677-BD3EBC465C06}.Debug|Any CPU.ActiveCfg = Debug|Any CPU
		{3F766682-77A6-4BFE-A677-BD3EBC465C06}.Debug|Any CPU.Build.0 = Debug|Any CPU
		{3F766682-77A6-4BFE-A677-BD3EBC465C06}.Debug|x86.ActiveCfg = Debug|Any CPU
		{3F766682-77A6-4BFE-A677-BD3EBC465C06}.Debug|x86.Build.0 = Debug|Any CPU
		{3F766682-77A6-4BFE-A677-BD3EBC465C06}.Release|Any CPU.ActiveCfg = Release|Any CPU
		{3F766682-77A6-4BFE-A677-BD3EBC465C06}.Release|Any CPU.Build.0 = Release|Any CPU
		{3F766682-77A6-4BFE-A677-BD3EBC465C06}.Release|x86.ActiveCfg = Release|Any CPU
		{3F766682-77A6-4BFE-A677-BD3EBC465C06}.Release|x86.Build.0 = Release|Any CPU
		{FE2A821C-CE76-43FA-AE99-8B4B0BB1F01B}.Debug|Any CPU.ActiveCfg = Debug|Any CPU
		{FE2A821C-CE76-43FA-AE99-8B4B0BB1F01B}.Debug|Any CPU.Build.0 = Debug|Any CPU
		{FE2A821C-CE76-43FA-AE99-8B4B0BB1F01B}.Debug|x86.ActiveCfg = Debug|Any CPU
		{FE2A821C-CE76-43FA-AE99-8B4B0BB1F01B}.Debug|x86.Build.0 = Debug|Any CPU
		{FE2A821C-CE76-43FA-AE99-8B4B0BB1F01B}.Release|Any CPU.ActiveCfg = Release|Any CPU
		{FE2A821C-CE76-43FA-AE99-8B4B0BB1F01B}.Release|Any CPU.Build.0 = Release|Any CPU
		{FE2A821C-CE76-43FA-AE99-8B4B0BB1F01B}.Release|x86.ActiveCfg = Release|Any CPU
		{FE2A821C-CE76-43FA-AE99-8B4B0BB1F01B}.Release|x86.Build.0 = Release|Any CPU
		{D857D44F-C714-4A7A-A9A4-767411311D62}.Debug|Any CPU.ActiveCfg = Debug|Any CPU
		{D857D44F-C714-4A7A-A9A4-767411311D62}.Debug|Any CPU.Build.0 = Debug|Any CPU
		{D857D44F-C714-4A7A-A9A4-767411311D62}.Debug|x86.ActiveCfg = Debug|Any CPU
		{D857D44F-C714-4A7A-A9A4-767411311D62}.Debug|x86.Build.0 = Debug|Any CPU
		{D857D44F-C714-4A7A-A9A4-767411311D62}.Release|Any CPU.ActiveCfg = Release|Any CPU
		{D857D44F-C714-4A7A-A9A4-767411311D62}.Release|Any CPU.Build.0 = Release|Any CPU
		{D857D44F-C714-4A7A-A9A4-767411311D62}.Release|x86.ActiveCfg = Release|Any CPU
		{D857D44F-C714-4A7A-A9A4-767411311D62}.Release|x86.Build.0 = Release|Any CPU
		{6C506C51-75CA-4749-BD47-136B0AE00F71}.Debug|Any CPU.ActiveCfg = Debug|x86
		{6C506C51-75CA-4749-BD47-136B0AE00F71}.Debug|x86.ActiveCfg = Debug|x86
		{6C506C51-75CA-4749-BD47-136B0AE00F71}.Debug|x86.Build.0 = Debug|x86
		{6C506C51-75CA-4749-BD47-136B0AE00F71}.Release|Any CPU.ActiveCfg = Release|x86
		{6C506C51-75CA-4749-BD47-136B0AE00F71}.Release|x86.ActiveCfg = Release|x86
		{6C506C51-75CA-4749-BD47-136B0AE00F71}.Release|x86.Build.0 = Release|x86
		{59A2A05A-F281-4B4F-A4CC-3ABA219B7FEB}.Debug|Any CPU.ActiveCfg = Debug|Any CPU
		{59A2A05A-F281-4B4F-A4CC-3ABA219B7FEB}.Debug|Any CPU.Build.0 = Debug|Any CPU
		{59A2A05A-F281-4B4F-A4CC-3ABA219B7FEB}.Debug|x86.ActiveCfg = Debug|Any CPU
		{59A2A05A-F281-4B4F-A4CC-3ABA219B7FEB}.Debug|x86.Build.0 = Debug|Any CPU
		{59A2A05A-F281-4B4F-A4CC-3ABA219B7FEB}.Release|Any CPU.ActiveCfg = Release|Any CPU
		{59A2A05A-F281-4B4F-A4CC-3ABA219B7FEB}.Release|Any CPU.Build.0 = Release|Any CPU
		{59A2A05A-F281-4B4F-A4CC-3ABA219B7FEB}.Release|x86.ActiveCfg = Release|Any CPU
		{59A2A05A-F281-4B4F-A4CC-3ABA219B7FEB}.Release|x86.Build.0 = Release|Any CPU
		{43E294A2-DD99-40FB-BFA1-5C760A902D9E}.Debug|Any CPU.ActiveCfg = Debug|Any CPU
		{43E294A2-DD99-40FB-BFA1-5C760A902D9E}.Debug|Any CPU.Build.0 = Debug|Any CPU
		{43E294A2-DD99-40FB-BFA1-5C760A902D9E}.Debug|x86.ActiveCfg = Debug|Any CPU
		{43E294A2-DD99-40FB-BFA1-5C760A902D9E}.Debug|x86.Build.0 = Debug|Any CPU
		{43E294A2-DD99-40FB-BFA1-5C760A902D9E}.Release|Any CPU.ActiveCfg = Release|Any CPU
		{43E294A2-DD99-40FB-BFA1-5C760A902D9E}.Release|Any CPU.Build.0 = Release|Any CPU
		{43E294A2-DD99-40FB-BFA1-5C760A902D9E}.Release|x86.ActiveCfg = Release|Any CPU
		{43E294A2-DD99-40FB-BFA1-5C760A902D9E}.Release|x86.Build.0 = Release|Any CPU
		{703CDDE9-CEB2-47EC-897D-1C8C468C9D5B}.Debug|Any CPU.ActiveCfg = Debug|Any CPU
		{703CDDE9-CEB2-47EC-897D-1C8C468C9D5B}.Debug|Any CPU.Build.0 = Debug|Any CPU
		{703CDDE9-CEB2-47EC-897D-1C8C468C9D5B}.Debug|x86.ActiveCfg = Debug|Any CPU
		{703CDDE9-CEB2-47EC-897D-1C8C468C9D5B}.Debug|x86.Build.0 = Debug|Any CPU
		{703CDDE9-CEB2-47EC-897D-1C8C468C9D5B}.Release|Any CPU.ActiveCfg = Release|Any CPU
		{703CDDE9-CEB2-47EC-897D-1C8C468C9D5B}.Release|Any CPU.Build.0 = Release|Any CPU
		{703CDDE9-CEB2-47EC-897D-1C8C468C9D5B}.Release|x86.ActiveCfg = Release|Any CPU
		{703CDDE9-CEB2-47EC-897D-1C8C468C9D5B}.Release|x86.Build.0 = Release|Any CPU
		{4B57534A-9C72-43E4-BA43-0CC70452EE6A}.Debug|Any CPU.ActiveCfg = Debug|Any CPU
		{4B57534A-9C72-43E4-BA43-0CC70452EE6A}.Debug|Any CPU.Build.0 = Debug|Any CPU
		{4B57534A-9C72-43E4-BA43-0CC70452EE6A}.Debug|x86.ActiveCfg = Debug|Any CPU
		{4B57534A-9C72-43E4-BA43-0CC70452EE6A}.Debug|x86.Build.0 = Debug|Any CPU
		{4B57534A-9C72-43E4-BA43-0CC70452EE6A}.Release|Any CPU.ActiveCfg = Release|Any CPU
		{4B57534A-9C72-43E4-BA43-0CC70452EE6A}.Release|Any CPU.Build.0 = Release|Any CPU
		{4B57534A-9C72-43E4-BA43-0CC70452EE6A}.Release|x86.ActiveCfg = Release|Any CPU
		{4B57534A-9C72-43E4-BA43-0CC70452EE6A}.Release|x86.Build.0 = Release|Any CPU
		{FC5B7484-B630-47C2-9819-2D35B36FAEF8}.Debug|Any CPU.ActiveCfg = Debug|Any CPU
		{FC5B7484-B630-47C2-9819-2D35B36FAEF8}.Debug|Any CPU.Build.0 = Debug|Any CPU
		{FC5B7484-B630-47C2-9819-2D35B36FAEF8}.Debug|x86.ActiveCfg = Debug|Any CPU
		{FC5B7484-B630-47C2-9819-2D35B36FAEF8}.Debug|x86.Build.0 = Debug|Any CPU
		{FC5B7484-B630-47C2-9819-2D35B36FAEF8}.Release|Any CPU.ActiveCfg = Release|Any CPU
		{FC5B7484-B630-47C2-9819-2D35B36FAEF8}.Release|Any CPU.Build.0 = Release|Any CPU
		{FC5B7484-B630-47C2-9819-2D35B36FAEF8}.Release|x86.ActiveCfg = Release|Any CPU
		{FC5B7484-B630-47C2-9819-2D35B36FAEF8}.Release|x86.Build.0 = Release|Any CPU
		{9520A719-81D2-41F3-9E6A-1E90B8B7CEA4}.Debug|Any CPU.ActiveCfg = Debug|Any CPU
		{9520A719-81D2-41F3-9E6A-1E90B8B7CEA4}.Debug|Any CPU.Build.0 = Debug|Any CPU
		{9520A719-81D2-41F3-9E6A-1E90B8B7CEA4}.Debug|x86.ActiveCfg = Debug|Any CPU
		{9520A719-81D2-41F3-9E6A-1E90B8B7CEA4}.Debug|x86.Build.0 = Debug|Any CPU
		{9520A719-81D2-41F3-9E6A-1E90B8B7CEA4}.Release|Any CPU.ActiveCfg = Release|Any CPU
		{9520A719-81D2-41F3-9E6A-1E90B8B7CEA4}.Release|Any CPU.Build.0 = Release|Any CPU
		{9520A719-81D2-41F3-9E6A-1E90B8B7CEA4}.Release|x86.ActiveCfg = Release|Any CPU
		{9520A719-81D2-41F3-9E6A-1E90B8B7CEA4}.Release|x86.Build.0 = Release|Any CPU
		{71BFA319-1012-45F6-8667-317F37704221}.Debug|Any CPU.ActiveCfg = Debug|Any CPU
		{71BFA319-1012-45F6-8667-317F37704221}.Debug|Any CPU.Build.0 = Debug|Any CPU
		{71BFA319-1012-45F6-8667-317F37704221}.Debug|x86.ActiveCfg = Debug|Any CPU
		{71BFA319-1012-45F6-8667-317F37704221}.Debug|x86.Build.0 = Debug|Any CPU
		{71BFA319-1012-45F6-8667-317F37704221}.Release|Any CPU.ActiveCfg = Release|Any CPU
		{71BFA319-1012-45F6-8667-317F37704221}.Release|Any CPU.Build.0 = Release|Any CPU
		{71BFA319-1012-45F6-8667-317F37704221}.Release|x86.ActiveCfg = Release|Any CPU
		{71BFA319-1012-45F6-8667-317F37704221}.Release|x86.Build.0 = Release|Any CPU
		{FB040439-F4CD-45F4-97D0-9FEADB2E121C}.Debug|Any CPU.ActiveCfg = Debug|Any CPU
		{FB040439-F4CD-45F4-97D0-9FEADB2E121C}.Debug|Any CPU.Build.0 = Debug|Any CPU
		{FB040439-F4CD-45F4-97D0-9FEADB2E121C}.Debug|x86.ActiveCfg = Debug|Any CPU
		{FB040439-F4CD-45F4-97D0-9FEADB2E121C}.Debug|x86.Build.0 = Debug|Any CPU
		{FB040439-F4CD-45F4-97D0-9FEADB2E121C}.Release|Any CPU.ActiveCfg = Release|Any CPU
		{FB040439-F4CD-45F4-97D0-9FEADB2E121C}.Release|Any CPU.Build.0 = Release|Any CPU
		{FB040439-F4CD-45F4-97D0-9FEADB2E121C}.Release|x86.ActiveCfg = Release|Any CPU
		{FB040439-F4CD-45F4-97D0-9FEADB2E121C}.Release|x86.Build.0 = Release|Any CPU
		{76DEE9DC-144F-41A9-87F9-0980728C1E82}.Debug|Any CPU.ActiveCfg = Debug|x86
		{76DEE9DC-144F-41A9-87F9-0980728C1E82}.Debug|x86.ActiveCfg = Debug|x86
		{76DEE9DC-144F-41A9-87F9-0980728C1E82}.Debug|x86.Build.0 = Debug|x86
		{76DEE9DC-144F-41A9-87F9-0980728C1E82}.Release|Any CPU.ActiveCfg = Release|x86
		{76DEE9DC-144F-41A9-87F9-0980728C1E82}.Release|x86.ActiveCfg = Release|x86
		{76DEE9DC-144F-41A9-87F9-0980728C1E82}.Release|x86.Build.0 = Release|x86
		{37DF4461-61B8-48B8-B3F5-2635B4685C7C}.Debug|Any CPU.ActiveCfg = Debug|x86
		{37DF4461-61B8-48B8-B3F5-2635B4685C7C}.Debug|x86.ActiveCfg = Debug|x86
		{37DF4461-61B8-48B8-B3F5-2635B4685C7C}.Debug|x86.Build.0 = Debug|x86
		{37DF4461-61B8-48B8-B3F5-2635B4685C7C}.Release|Any CPU.ActiveCfg = Release|x86
		{37DF4461-61B8-48B8-B3F5-2635B4685C7C}.Release|x86.ActiveCfg = Release|x86
		{37DF4461-61B8-48B8-B3F5-2635B4685C7C}.Release|x86.Build.0 = Release|x86
		{EDF7CAB4-F73F-4B20-A84B-27FD3A8F436F}.Debug|Any CPU.ActiveCfg = Debug|Any CPU
		{EDF7CAB4-F73F-4B20-A84B-27FD3A8F436F}.Debug|Any CPU.Build.0 = Debug|Any CPU
		{EDF7CAB4-F73F-4B20-A84B-27FD3A8F436F}.Debug|x86.ActiveCfg = Debug|Any CPU
		{EDF7CAB4-F73F-4B20-A84B-27FD3A8F436F}.Debug|x86.Build.0 = Debug|Any CPU
		{EDF7CAB4-F73F-4B20-A84B-27FD3A8F436F}.Release|Any CPU.ActiveCfg = Release|Any CPU
		{EDF7CAB4-F73F-4B20-A84B-27FD3A8F436F}.Release|Any CPU.Build.0 = Release|Any CPU
		{EDF7CAB4-F73F-4B20-A84B-27FD3A8F436F}.Release|x86.ActiveCfg = Release|Any CPU
		{EDF7CAB4-F73F-4B20-A84B-27FD3A8F436F}.Release|x86.Build.0 = Release|Any CPU
		{660319B3-363C-40A6-8DEE-CA8F48DAD6AE}.Debug|Any CPU.ActiveCfg = Debug|Any CPU
		{660319B3-363C-40A6-8DEE-CA8F48DAD6AE}.Debug|Any CPU.Build.0 = Debug|Any CPU
		{660319B3-363C-40A6-8DEE-CA8F48DAD6AE}.Debug|x86.ActiveCfg = Debug|Any CPU
		{660319B3-363C-40A6-8DEE-CA8F48DAD6AE}.Debug|x86.Build.0 = Debug|Any CPU
		{660319B3-363C-40A6-8DEE-CA8F48DAD6AE}.Release|Any CPU.ActiveCfg = Release|Any CPU
		{660319B3-363C-40A6-8DEE-CA8F48DAD6AE}.Release|Any CPU.Build.0 = Release|Any CPU
		{660319B3-363C-40A6-8DEE-CA8F48DAD6AE}.Release|x86.ActiveCfg = Release|Any CPU
		{660319B3-363C-40A6-8DEE-CA8F48DAD6AE}.Release|x86.Build.0 = Release|Any CPU
		{39EBC92D-D3A0-421F-9FBB-7DA413F63288}.Debug|Any CPU.ActiveCfg = Debug|x86
		{39EBC92D-D3A0-421F-9FBB-7DA413F63288}.Debug|x86.ActiveCfg = Debug|x86
		{39EBC92D-D3A0-421F-9FBB-7DA413F63288}.Debug|x86.Build.0 = Debug|x86
		{39EBC92D-D3A0-421F-9FBB-7DA413F63288}.Release|Any CPU.ActiveCfg = Release|x86
		{39EBC92D-D3A0-421F-9FBB-7DA413F63288}.Release|x86.ActiveCfg = Release|x86
		{39EBC92D-D3A0-421F-9FBB-7DA413F63288}.Release|x86.Build.0 = Release|x86
		{99C9E82C-C594-446D-AA59-8FFBC43AD226}.Debug|Any CPU.ActiveCfg = Debug|Any CPU
		{99C9E82C-C594-446D-AA59-8FFBC43AD226}.Debug|Any CPU.Build.0 = Debug|Any CPU
		{99C9E82C-C594-446D-AA59-8FFBC43AD226}.Debug|x86.ActiveCfg = Debug|Any CPU
		{99C9E82C-C594-446D-AA59-8FFBC43AD226}.Debug|x86.Build.0 = Debug|Any CPU
		{99C9E82C-C594-446D-AA59-8FFBC43AD226}.Release|Any CPU.ActiveCfg = Release|Any CPU
		{99C9E82C-C594-446D-AA59-8FFBC43AD226}.Release|Any CPU.Build.0 = Release|Any CPU
		{99C9E82C-C594-446D-AA59-8FFBC43AD226}.Release|x86.ActiveCfg = Release|Any CPU
		{99C9E82C-C594-446D-AA59-8FFBC43AD226}.Release|x86.Build.0 = Release|Any CPU
		{175D974F-5770-43E1-8C28-813DED8525EF}.Debug|Any CPU.ActiveCfg = Debug|Any CPU
		{175D974F-5770-43E1-8C28-813DED8525EF}.Debug|Any CPU.Build.0 = Debug|Any CPU
		{175D974F-5770-43E1-8C28-813DED8525EF}.Debug|x86.ActiveCfg = Debug|Any CPU
		{175D974F-5770-43E1-8C28-813DED8525EF}.Debug|x86.Build.0 = Debug|Any CPU
		{175D974F-5770-43E1-8C28-813DED8525EF}.Release|Any CPU.ActiveCfg = Release|Any CPU
		{175D974F-5770-43E1-8C28-813DED8525EF}.Release|Any CPU.Build.0 = Release|Any CPU
		{175D974F-5770-43E1-8C28-813DED8525EF}.Release|x86.ActiveCfg = Release|Any CPU
		{175D974F-5770-43E1-8C28-813DED8525EF}.Release|x86.Build.0 = Release|Any CPU
		{47C79E8F-B568-4B5E-A98E-79B3AEF716BD}.Debug|Any CPU.ActiveCfg = Debug|Any CPU
		{47C79E8F-B568-4B5E-A98E-79B3AEF716BD}.Debug|Any CPU.Build.0 = Debug|Any CPU
		{47C79E8F-B568-4B5E-A98E-79B3AEF716BD}.Debug|x86.ActiveCfg = Debug|Any CPU
		{47C79E8F-B568-4B5E-A98E-79B3AEF716BD}.Debug|x86.Build.0 = Debug|Any CPU
		{47C79E8F-B568-4B5E-A98E-79B3AEF716BD}.Release|Any CPU.ActiveCfg = Release|Any CPU
		{47C79E8F-B568-4B5E-A98E-79B3AEF716BD}.Release|Any CPU.Build.0 = Release|Any CPU
		{47C79E8F-B568-4B5E-A98E-79B3AEF716BD}.Release|x86.ActiveCfg = Release|Any CPU
		{47C79E8F-B568-4B5E-A98E-79B3AEF716BD}.Release|x86.Build.0 = Release|Any CPU
		{A5B35F7E-F9BD-45C8-9FBE-D780AF76C6BB}.Debug|Any CPU.ActiveCfg = Debug|Any CPU
		{A5B35F7E-F9BD-45C8-9FBE-D780AF76C6BB}.Debug|Any CPU.Build.0 = Debug|Any CPU
		{A5B35F7E-F9BD-45C8-9FBE-D780AF76C6BB}.Debug|x86.ActiveCfg = Debug|Any CPU
		{A5B35F7E-F9BD-45C8-9FBE-D780AF76C6BB}.Debug|x86.Build.0 = Debug|Any CPU
		{A5B35F7E-F9BD-45C8-9FBE-D780AF76C6BB}.Release|Any CPU.ActiveCfg = Release|Any CPU
		{A5B35F7E-F9BD-45C8-9FBE-D780AF76C6BB}.Release|Any CPU.Build.0 = Release|Any CPU
		{A5B35F7E-F9BD-45C8-9FBE-D780AF76C6BB}.Release|x86.ActiveCfg = Release|Any CPU
		{A5B35F7E-F9BD-45C8-9FBE-D780AF76C6BB}.Release|x86.Build.0 = Release|Any CPU
		{1FBCD2B2-CA1D-415E-80C5-32751255FEAD}.Debug|Any CPU.ActiveCfg = Debug|x86
		{1FBCD2B2-CA1D-415E-80C5-32751255FEAD}.Debug|x86.ActiveCfg = Debug|x86
		{1FBCD2B2-CA1D-415E-80C5-32751255FEAD}.Debug|x86.Build.0 = Debug|x86
		{1FBCD2B2-CA1D-415E-80C5-32751255FEAD}.Release|Any CPU.ActiveCfg = Release|x86
		{1FBCD2B2-CA1D-415E-80C5-32751255FEAD}.Release|x86.ActiveCfg = Release|x86
		{1FBCD2B2-CA1D-415E-80C5-32751255FEAD}.Release|x86.Build.0 = Release|x86
		{14EC94D4-6042-4D5C-B9E5-B760809372D0}.Debug|Any CPU.ActiveCfg = Debug|Any CPU
		{14EC94D4-6042-4D5C-B9E5-B760809372D0}.Debug|Any CPU.Build.0 = Debug|Any CPU
		{14EC94D4-6042-4D5C-B9E5-B760809372D0}.Debug|x86.ActiveCfg = Debug|Any CPU
		{14EC94D4-6042-4D5C-B9E5-B760809372D0}.Debug|x86.Build.0 = Debug|Any CPU
		{14EC94D4-6042-4D5C-B9E5-B760809372D0}.Release|Any CPU.ActiveCfg = Release|Any CPU
		{14EC94D4-6042-4D5C-B9E5-B760809372D0}.Release|Any CPU.Build.0 = Release|Any CPU
		{14EC94D4-6042-4D5C-B9E5-B760809372D0}.Release|x86.ActiveCfg = Release|Any CPU
		{14EC94D4-6042-4D5C-B9E5-B760809372D0}.Release|x86.Build.0 = Release|Any CPU
		{E9E96BD5-31D8-4096-82BD-74FA0000F40B}.Debug|Any CPU.ActiveCfg = Debug|Any CPU
		{E9E96BD5-31D8-4096-82BD-74FA0000F40B}.Debug|Any CPU.Build.0 = Debug|Any CPU
		{E9E96BD5-31D8-4096-82BD-74FA0000F40B}.Debug|x86.ActiveCfg = Debug|Any CPU
		{E9E96BD5-31D8-4096-82BD-74FA0000F40B}.Debug|x86.Build.0 = Debug|Any CPU
		{E9E96BD5-31D8-4096-82BD-74FA0000F40B}.Release|Any CPU.ActiveCfg = Release|Any CPU
		{E9E96BD5-31D8-4096-82BD-74FA0000F40B}.Release|Any CPU.Build.0 = Release|Any CPU
		{E9E96BD5-31D8-4096-82BD-74FA0000F40B}.Release|x86.ActiveCfg = Release|Any CPU
		{E9E96BD5-31D8-4096-82BD-74FA0000F40B}.Release|x86.Build.0 = Release|Any CPU
		{373C2A89-02AE-4D83-82E5-13D3B4B15691}.Debug|Any CPU.ActiveCfg = Debug|Any CPU
		{373C2A89-02AE-4D83-82E5-13D3B4B15691}.Debug|Any CPU.Build.0 = Debug|Any CPU
		{373C2A89-02AE-4D83-82E5-13D3B4B15691}.Debug|x86.ActiveCfg = Debug|Any CPU
		{373C2A89-02AE-4D83-82E5-13D3B4B15691}.Debug|x86.Build.0 = Debug|Any CPU
		{373C2A89-02AE-4D83-82E5-13D3B4B15691}.Release|Any CPU.ActiveCfg = Release|Any CPU
		{373C2A89-02AE-4D83-82E5-13D3B4B15691}.Release|Any CPU.Build.0 = Release|Any CPU
		{373C2A89-02AE-4D83-82E5-13D3B4B15691}.Release|x86.ActiveCfg = Release|Any CPU
		{373C2A89-02AE-4D83-82E5-13D3B4B15691}.Release|x86.Build.0 = Release|Any CPU
		{8A520113-4B42-41FE-B04A-7BD84E2ABC91}.Debug|Any CPU.ActiveCfg = Debug|Any CPU
		{8A520113-4B42-41FE-B04A-7BD84E2ABC91}.Debug|Any CPU.Build.0 = Debug|Any CPU
		{8A520113-4B42-41FE-B04A-7BD84E2ABC91}.Debug|x86.ActiveCfg = Debug|Any CPU
		{8A520113-4B42-41FE-B04A-7BD84E2ABC91}.Debug|x86.Build.0 = Debug|Any CPU
		{8A520113-4B42-41FE-B04A-7BD84E2ABC91}.Release|Any CPU.ActiveCfg = Release|Any CPU
		{8A520113-4B42-41FE-B04A-7BD84E2ABC91}.Release|Any CPU.Build.0 = Release|Any CPU
		{8A520113-4B42-41FE-B04A-7BD84E2ABC91}.Release|x86.ActiveCfg = Release|Any CPU
		{8A520113-4B42-41FE-B04A-7BD84E2ABC91}.Release|x86.Build.0 = Release|Any CPU
		{46A1FA93-8615-4AE3-BD61-552CF7B2B46B}.Debug|Any CPU.ActiveCfg = Debug|Any CPU
		{46A1FA93-8615-4AE3-BD61-552CF7B2B46B}.Debug|Any CPU.Build.0 = Debug|Any CPU
		{46A1FA93-8615-4AE3-BD61-552CF7B2B46B}.Debug|x86.ActiveCfg = Debug|Any CPU
		{46A1FA93-8615-4AE3-BD61-552CF7B2B46B}.Debug|x86.Build.0 = Debug|Any CPU
		{46A1FA93-8615-4AE3-BD61-552CF7B2B46B}.Release|Any CPU.ActiveCfg = Release|Any CPU
		{46A1FA93-8615-4AE3-BD61-552CF7B2B46B}.Release|Any CPU.Build.0 = Release|Any CPU
		{46A1FA93-8615-4AE3-BD61-552CF7B2B46B}.Release|x86.ActiveCfg = Release|Any CPU
		{46A1FA93-8615-4AE3-BD61-552CF7B2B46B}.Release|x86.Build.0 = Release|Any CPU
		{2F9BEC46-AC34-4322-9788-89F42DBC5152}.Debug|Any CPU.ActiveCfg = Debug|Any CPU
		{2F9BEC46-AC34-4322-9788-89F42DBC5152}.Debug|Any CPU.Build.0 = Debug|Any CPU
		{2F9BEC46-AC34-4322-9788-89F42DBC5152}.Debug|x86.ActiveCfg = Debug|Any CPU
		{2F9BEC46-AC34-4322-9788-89F42DBC5152}.Debug|x86.Build.0 = Debug|Any CPU
		{2F9BEC46-AC34-4322-9788-89F42DBC5152}.Release|Any CPU.ActiveCfg = Release|Any CPU
		{2F9BEC46-AC34-4322-9788-89F42DBC5152}.Release|Any CPU.Build.0 = Release|Any CPU
		{2F9BEC46-AC34-4322-9788-89F42DBC5152}.Release|x86.ActiveCfg = Release|Any CPU
		{2F9BEC46-AC34-4322-9788-89F42DBC5152}.Release|x86.Build.0 = Release|Any CPU
		{9B316E7A-2C27-49CE-8DEB-B31CDFA6C249}.Debug|Any CPU.ActiveCfg = Debug|Any CPU
		{9B316E7A-2C27-49CE-8DEB-B31CDFA6C249}.Debug|Any CPU.Build.0 = Debug|Any CPU
		{9B316E7A-2C27-49CE-8DEB-B31CDFA6C249}.Debug|x86.ActiveCfg = Debug|Any CPU
		{9B316E7A-2C27-49CE-8DEB-B31CDFA6C249}.Debug|x86.Build.0 = Debug|Any CPU
		{9B316E7A-2C27-49CE-8DEB-B31CDFA6C249}.Release|Any CPU.ActiveCfg = Release|Any CPU
		{9B316E7A-2C27-49CE-8DEB-B31CDFA6C249}.Release|Any CPU.Build.0 = Release|Any CPU
		{9B316E7A-2C27-49CE-8DEB-B31CDFA6C249}.Release|x86.ActiveCfg = Release|Any CPU
		{9B316E7A-2C27-49CE-8DEB-B31CDFA6C249}.Release|x86.Build.0 = Release|Any CPU
		{AB8B448C-DD74-4D60-A041-3E5D03A32180}.Debug|Any CPU.ActiveCfg = Debug|Any CPU
		{AB8B448C-DD74-4D60-A041-3E5D03A32180}.Debug|Any CPU.Build.0 = Debug|Any CPU
		{AB8B448C-DD74-4D60-A041-3E5D03A32180}.Debug|x86.ActiveCfg = Debug|Any CPU
		{AB8B448C-DD74-4D60-A041-3E5D03A32180}.Debug|x86.Build.0 = Debug|Any CPU
		{AB8B448C-DD74-4D60-A041-3E5D03A32180}.Release|Any CPU.ActiveCfg = Release|Any CPU
		{AB8B448C-DD74-4D60-A041-3E5D03A32180}.Release|Any CPU.Build.0 = Release|Any CPU
		{AB8B448C-DD74-4D60-A041-3E5D03A32180}.Release|x86.ActiveCfg = Release|Any CPU
		{AB8B448C-DD74-4D60-A041-3E5D03A32180}.Release|x86.Build.0 = Release|Any CPU
		{DCB9DA11-C0B3-4C57-B98D-8AA9BAB9BE40}.Debug|Any CPU.ActiveCfg = Debug|Any CPU
		{DCB9DA11-C0B3-4C57-B98D-8AA9BAB9BE40}.Debug|Any CPU.Build.0 = Debug|Any CPU
		{DCB9DA11-C0B3-4C57-B98D-8AA9BAB9BE40}.Debug|x86.ActiveCfg = Debug|Any CPU
		{DCB9DA11-C0B3-4C57-B98D-8AA9BAB9BE40}.Debug|x86.Build.0 = Debug|Any CPU
		{DCB9DA11-C0B3-4C57-B98D-8AA9BAB9BE40}.Release|Any CPU.ActiveCfg = Release|Any CPU
		{DCB9DA11-C0B3-4C57-B98D-8AA9BAB9BE40}.Release|Any CPU.Build.0 = Release|Any CPU
		{DCB9DA11-C0B3-4C57-B98D-8AA9BAB9BE40}.Release|x86.ActiveCfg = Release|Any CPU
		{DCB9DA11-C0B3-4C57-B98D-8AA9BAB9BE40}.Release|x86.Build.0 = Release|Any CPU
		{52FFDE38-1DE0-4E41-B96A-DC5E4C261414}.Debug|Any CPU.ActiveCfg = Debug|Any CPU
		{52FFDE38-1DE0-4E41-B96A-DC5E4C261414}.Debug|Any CPU.Build.0 = Debug|Any CPU
		{52FFDE38-1DE0-4E41-B96A-DC5E4C261414}.Debug|x86.ActiveCfg = Debug|Any CPU
		{52FFDE38-1DE0-4E41-B96A-DC5E4C261414}.Debug|x86.Build.0 = Debug|Any CPU
		{52FFDE38-1DE0-4E41-B96A-DC5E4C261414}.Release|Any CPU.ActiveCfg = Release|Any CPU
		{52FFDE38-1DE0-4E41-B96A-DC5E4C261414}.Release|Any CPU.Build.0 = Release|Any CPU
		{52FFDE38-1DE0-4E41-B96A-DC5E4C261414}.Release|x86.ActiveCfg = Release|Any CPU
		{52FFDE38-1DE0-4E41-B96A-DC5E4C261414}.Release|x86.Build.0 = Release|Any CPU
		{462B8FCD-799A-4284-A565-018CE7E1E52C}.Debug|Any CPU.ActiveCfg = Debug|Any CPU
		{462B8FCD-799A-4284-A565-018CE7E1E52C}.Debug|Any CPU.Build.0 = Debug|Any CPU
		{462B8FCD-799A-4284-A565-018CE7E1E52C}.Debug|x86.ActiveCfg = Debug|Any CPU
		{462B8FCD-799A-4284-A565-018CE7E1E52C}.Debug|x86.Build.0 = Debug|Any CPU
		{462B8FCD-799A-4284-A565-018CE7E1E52C}.Release|Any CPU.ActiveCfg = Release|Any CPU
		{462B8FCD-799A-4284-A565-018CE7E1E52C}.Release|Any CPU.Build.0 = Release|Any CPU
		{462B8FCD-799A-4284-A565-018CE7E1E52C}.Release|x86.ActiveCfg = Release|Any CPU
		{462B8FCD-799A-4284-A565-018CE7E1E52C}.Release|x86.Build.0 = Release|Any CPU
		{840A4071-FCD2-4796-91F3-2A4313C75D1B}.Debug|Any CPU.ActiveCfg = Debug|Any CPU
		{840A4071-FCD2-4796-91F3-2A4313C75D1B}.Debug|Any CPU.Build.0 = Debug|Any CPU
		{840A4071-FCD2-4796-91F3-2A4313C75D1B}.Debug|x86.ActiveCfg = Debug|Any CPU
		{840A4071-FCD2-4796-91F3-2A4313C75D1B}.Debug|x86.Build.0 = Debug|Any CPU
		{840A4071-FCD2-4796-91F3-2A4313C75D1B}.Release|Any CPU.ActiveCfg = Release|Any CPU
		{840A4071-FCD2-4796-91F3-2A4313C75D1B}.Release|Any CPU.Build.0 = Release|Any CPU
		{840A4071-FCD2-4796-91F3-2A4313C75D1B}.Release|x86.ActiveCfg = Release|Any CPU
		{840A4071-FCD2-4796-91F3-2A4313C75D1B}.Release|x86.Build.0 = Release|Any CPU
		{E97A55B5-66F7-48C8-908D-C1C0C3D780C8}.Debug|Any CPU.ActiveCfg = Debug|Any CPU
		{E97A55B5-66F7-48C8-908D-C1C0C3D780C8}.Debug|Any CPU.Build.0 = Debug|Any CPU
		{E97A55B5-66F7-48C8-908D-C1C0C3D780C8}.Debug|x86.ActiveCfg = Debug|Any CPU
		{E97A55B5-66F7-48C8-908D-C1C0C3D780C8}.Debug|x86.Build.0 = Debug|Any CPU
		{E97A55B5-66F7-48C8-908D-C1C0C3D780C8}.Release|Any CPU.ActiveCfg = Release|Any CPU
		{E97A55B5-66F7-48C8-908D-C1C0C3D780C8}.Release|Any CPU.Build.0 = Release|Any CPU
		{E97A55B5-66F7-48C8-908D-C1C0C3D780C8}.Release|x86.ActiveCfg = Release|Any CPU
		{E97A55B5-66F7-48C8-908D-C1C0C3D780C8}.Release|x86.Build.0 = Release|Any CPU
		{BB1A970E-6021-4551-87D7-4663BDA95B83}.Debug|Any CPU.ActiveCfg = Debug|Any CPU
		{BB1A970E-6021-4551-87D7-4663BDA95B83}.Debug|Any CPU.Build.0 = Debug|Any CPU
		{BB1A970E-6021-4551-87D7-4663BDA95B83}.Debug|x86.ActiveCfg = Debug|Any CPU
		{BB1A970E-6021-4551-87D7-4663BDA95B83}.Debug|x86.Build.0 = Debug|Any CPU
		{BB1A970E-6021-4551-87D7-4663BDA95B83}.Release|Any CPU.ActiveCfg = Release|Any CPU
		{BB1A970E-6021-4551-87D7-4663BDA95B83}.Release|Any CPU.Build.0 = Release|Any CPU
		{BB1A970E-6021-4551-87D7-4663BDA95B83}.Release|x86.ActiveCfg = Release|Any CPU
		{BB1A970E-6021-4551-87D7-4663BDA95B83}.Release|x86.Build.0 = Release|Any CPU
		{3AF56532-15B2-436E-8813-BA13B64DFBB3}.Debug|Any CPU.ActiveCfg = Debug|Any CPU
		{3AF56532-15B2-436E-8813-BA13B64DFBB3}.Debug|Any CPU.Build.0 = Debug|Any CPU
		{3AF56532-15B2-436E-8813-BA13B64DFBB3}.Debug|x86.ActiveCfg = Debug|Any CPU
		{3AF56532-15B2-436E-8813-BA13B64DFBB3}.Debug|x86.Build.0 = Debug|Any CPU
		{3AF56532-15B2-436E-8813-BA13B64DFBB3}.Release|Any CPU.ActiveCfg = Release|Any CPU
		{3AF56532-15B2-436E-8813-BA13B64DFBB3}.Release|Any CPU.Build.0 = Release|Any CPU
		{3AF56532-15B2-436E-8813-BA13B64DFBB3}.Release|x86.ActiveCfg = Release|Any CPU
		{3AF56532-15B2-436E-8813-BA13B64DFBB3}.Release|x86.Build.0 = Release|Any CPU
		{1A9F2288-7E7C-4DE0-B67B-3176B5142857}.Debug|Any CPU.ActiveCfg = Debug|Any CPU
		{1A9F2288-7E7C-4DE0-B67B-3176B5142857}.Debug|Any CPU.Build.0 = Debug|Any CPU
		{1A9F2288-7E7C-4DE0-B67B-3176B5142857}.Debug|x86.ActiveCfg = Debug|Any CPU
		{1A9F2288-7E7C-4DE0-B67B-3176B5142857}.Debug|x86.Build.0 = Debug|Any CPU
		{1A9F2288-7E7C-4DE0-B67B-3176B5142857}.Release|Any CPU.ActiveCfg = Release|Any CPU
		{1A9F2288-7E7C-4DE0-B67B-3176B5142857}.Release|Any CPU.Build.0 = Release|Any CPU
		{1A9F2288-7E7C-4DE0-B67B-3176B5142857}.Release|x86.ActiveCfg = Release|Any CPU
		{1A9F2288-7E7C-4DE0-B67B-3176B5142857}.Release|x86.Build.0 = Release|Any CPU
		{182ECC6B-E4F0-43F9-B118-54AD553689E7}.Debug|Any CPU.ActiveCfg = Debug|x86
		{182ECC6B-E4F0-43F9-B118-54AD553689E7}.Debug|x86.ActiveCfg = Debug|x86
		{182ECC6B-E4F0-43F9-B118-54AD553689E7}.Debug|x86.Build.0 = Debug|x86
		{182ECC6B-E4F0-43F9-B118-54AD553689E7}.Release|Any CPU.ActiveCfg = Release|x86
		{182ECC6B-E4F0-43F9-B118-54AD553689E7}.Release|x86.ActiveCfg = Release|x86
		{182ECC6B-E4F0-43F9-B118-54AD553689E7}.Release|x86.Build.0 = Release|x86
		{7ED44290-B733-465E-8DA7-654FD249032A}.Debug|Any CPU.ActiveCfg = Debug|x86
		{7ED44290-B733-465E-8DA7-654FD249032A}.Debug|x86.ActiveCfg = Debug|x86
		{7ED44290-B733-465E-8DA7-654FD249032A}.Debug|x86.Build.0 = Debug|x86
		{7ED44290-B733-465E-8DA7-654FD249032A}.Release|Any CPU.ActiveCfg = Release|x86
		{7ED44290-B733-465E-8DA7-654FD249032A}.Release|x86.ActiveCfg = Release|x86
		{7ED44290-B733-465E-8DA7-654FD249032A}.Release|x86.Build.0 = Release|x86
		{489706E3-C226-4D83-BB3D-C5A0D49D3835}.Debug|Any CPU.ActiveCfg = Debug|Any CPU
		{489706E3-C226-4D83-BB3D-C5A0D49D3835}.Debug|Any CPU.Build.0 = Debug|Any CPU
		{489706E3-C226-4D83-BB3D-C5A0D49D3835}.Debug|x86.ActiveCfg = Debug|Any CPU
		{489706E3-C226-4D83-BB3D-C5A0D49D3835}.Debug|x86.Build.0 = Debug|Any CPU
		{489706E3-C226-4D83-BB3D-C5A0D49D3835}.Release|Any CPU.ActiveCfg = Release|Any CPU
		{489706E3-C226-4D83-BB3D-C5A0D49D3835}.Release|Any CPU.Build.0 = Release|Any CPU
		{489706E3-C226-4D83-BB3D-C5A0D49D3835}.Release|x86.ActiveCfg = Release|Any CPU
		{489706E3-C226-4D83-BB3D-C5A0D49D3835}.Release|x86.Build.0 = Release|Any CPU
		{FA36194E-68EC-4179-B9AC-EF9D1B843DB7}.Debug|Any CPU.ActiveCfg = Debug|Any CPU
		{FA36194E-68EC-4179-B9AC-EF9D1B843DB7}.Debug|Any CPU.Build.0 = Debug|Any CPU
		{FA36194E-68EC-4179-B9AC-EF9D1B843DB7}.Debug|x86.ActiveCfg = Debug|Any CPU
		{FA36194E-68EC-4179-B9AC-EF9D1B843DB7}.Debug|x86.Build.0 = Debug|Any CPU
		{FA36194E-68EC-4179-B9AC-EF9D1B843DB7}.Release|Any CPU.ActiveCfg = Release|Any CPU
		{FA36194E-68EC-4179-B9AC-EF9D1B843DB7}.Release|Any CPU.Build.0 = Release|Any CPU
		{FA36194E-68EC-4179-B9AC-EF9D1B843DB7}.Release|x86.ActiveCfg = Release|Any CPU
		{FA36194E-68EC-4179-B9AC-EF9D1B843DB7}.Release|x86.Build.0 = Release|Any CPU
		{A2701A97-77CB-4BB2-9CB3-CE4B30DAC983}.Debug|Any CPU.ActiveCfg = Debug|Any CPU
		{A2701A97-77CB-4BB2-9CB3-CE4B30DAC983}.Debug|Any CPU.Build.0 = Debug|Any CPU
		{A2701A97-77CB-4BB2-9CB3-CE4B30DAC983}.Debug|x86.ActiveCfg = Debug|Any CPU
		{A2701A97-77CB-4BB2-9CB3-CE4B30DAC983}.Debug|x86.Build.0 = Debug|Any CPU
		{A2701A97-77CB-4BB2-9CB3-CE4B30DAC983}.Release|Any CPU.ActiveCfg = Release|Any CPU
		{A2701A97-77CB-4BB2-9CB3-CE4B30DAC983}.Release|Any CPU.Build.0 = Release|Any CPU
		{A2701A97-77CB-4BB2-9CB3-CE4B30DAC983}.Release|x86.ActiveCfg = Release|Any CPU
		{A2701A97-77CB-4BB2-9CB3-CE4B30DAC983}.Release|x86.Build.0 = Release|Any CPU
		{3381F123-4971-4DE4-9982-4370DAD2A4B0}.Debug|Any CPU.ActiveCfg = Debug|Any CPU
		{3381F123-4971-4DE4-9982-4370DAD2A4B0}.Debug|Any CPU.Build.0 = Debug|Any CPU
		{3381F123-4971-4DE4-9982-4370DAD2A4B0}.Debug|x86.ActiveCfg = Debug|Any CPU
		{3381F123-4971-4DE4-9982-4370DAD2A4B0}.Debug|x86.Build.0 = Debug|Any CPU
		{3381F123-4971-4DE4-9982-4370DAD2A4B0}.Release|Any CPU.ActiveCfg = Release|Any CPU
		{3381F123-4971-4DE4-9982-4370DAD2A4B0}.Release|Any CPU.Build.0 = Release|Any CPU
		{3381F123-4971-4DE4-9982-4370DAD2A4B0}.Release|x86.ActiveCfg = Release|Any CPU
		{3381F123-4971-4DE4-9982-4370DAD2A4B0}.Release|x86.Build.0 = Release|Any CPU
		{26DCC6D3-46FA-4D4D-AFE0-DE2F88404306}.Debug|Any CPU.ActiveCfg = Debug|Any CPU
		{26DCC6D3-46FA-4D4D-AFE0-DE2F88404306}.Debug|Any CPU.Build.0 = Debug|Any CPU
		{26DCC6D3-46FA-4D4D-AFE0-DE2F88404306}.Debug|x86.ActiveCfg = Debug|Any CPU
		{26DCC6D3-46FA-4D4D-AFE0-DE2F88404306}.Debug|x86.Build.0 = Debug|Any CPU
		{26DCC6D3-46FA-4D4D-AFE0-DE2F88404306}.Release|Any CPU.ActiveCfg = Release|Any CPU
		{26DCC6D3-46FA-4D4D-AFE0-DE2F88404306}.Release|Any CPU.Build.0 = Release|Any CPU
		{26DCC6D3-46FA-4D4D-AFE0-DE2F88404306}.Release|x86.ActiveCfg = Release|Any CPU
		{26DCC6D3-46FA-4D4D-AFE0-DE2F88404306}.Release|x86.Build.0 = Release|Any CPU
		{50E055F6-083F-4C46-9CF7-BC2DC23E1552}.Debug|Any CPU.ActiveCfg = Debug|Any CPU
		{50E055F6-083F-4C46-9CF7-BC2DC23E1552}.Debug|Any CPU.Build.0 = Debug|Any CPU
		{50E055F6-083F-4C46-9CF7-BC2DC23E1552}.Debug|x86.ActiveCfg = Debug|Any CPU
		{50E055F6-083F-4C46-9CF7-BC2DC23E1552}.Debug|x86.Build.0 = Debug|Any CPU
		{50E055F6-083F-4C46-9CF7-BC2DC23E1552}.Release|Any CPU.ActiveCfg = Release|Any CPU
		{50E055F6-083F-4C46-9CF7-BC2DC23E1552}.Release|Any CPU.Build.0 = Release|Any CPU
		{50E055F6-083F-4C46-9CF7-BC2DC23E1552}.Release|x86.ActiveCfg = Release|Any CPU
		{50E055F6-083F-4C46-9CF7-BC2DC23E1552}.Release|x86.Build.0 = Release|Any CPU
		{E33B900A-787B-44E1-B99B-7F7264320BE6}.Debug|Any CPU.ActiveCfg = Debug|Any CPU
		{E33B900A-787B-44E1-B99B-7F7264320BE6}.Debug|Any CPU.Build.0 = Debug|Any CPU
		{E33B900A-787B-44E1-B99B-7F7264320BE6}.Debug|x86.ActiveCfg = Debug|Any CPU
		{E33B900A-787B-44E1-B99B-7F7264320BE6}.Debug|x86.Build.0 = Debug|Any CPU
		{E33B900A-787B-44E1-B99B-7F7264320BE6}.Release|Any CPU.ActiveCfg = Release|Any CPU
		{E33B900A-787B-44E1-B99B-7F7264320BE6}.Release|Any CPU.Build.0 = Release|Any CPU
		{E33B900A-787B-44E1-B99B-7F7264320BE6}.Release|x86.ActiveCfg = Release|Any CPU
		{E33B900A-787B-44E1-B99B-7F7264320BE6}.Release|x86.Build.0 = Release|Any CPU
		{E0926928-EA49-4304-A9C4-DFB0426FA167}.Debug|Any CPU.ActiveCfg = Debug|Any CPU
		{E0926928-EA49-4304-A9C4-DFB0426FA167}.Debug|Any CPU.Build.0 = Debug|Any CPU
		{E0926928-EA49-4304-A9C4-DFB0426FA167}.Debug|x86.ActiveCfg = Debug|Any CPU
		{E0926928-EA49-4304-A9C4-DFB0426FA167}.Debug|x86.Build.0 = Debug|Any CPU
		{E0926928-EA49-4304-A9C4-DFB0426FA167}.Release|Any CPU.ActiveCfg = Release|Any CPU
		{E0926928-EA49-4304-A9C4-DFB0426FA167}.Release|Any CPU.Build.0 = Release|Any CPU
		{E0926928-EA49-4304-A9C4-DFB0426FA167}.Release|x86.ActiveCfg = Release|Any CPU
		{E0926928-EA49-4304-A9C4-DFB0426FA167}.Release|x86.Build.0 = Release|Any CPU
	EndGlobalSection
	GlobalSection(SolutionProperties) = preSolution
		HideSolutionNode = FALSE
	EndGlobalSection
	GlobalSection(NestedProjects) = preSolution
		{8F994388-9528-4E34-8479-4CB0C5EC9EBE} = {7CC7BD5E-E214-42C2-9CE0-627FD6D9E0D5}
		{649A6568-F0E9-4734-83DF-C844B0C1F515} = {7CC7BD5E-E214-42C2-9CE0-627FD6D9E0D5}
		{B2EEDD0D-FA84-460D-9DBB-0F23C5AA3B06} = {FAFE10AF-AF2C-4D6F-82BC-81ED9863EE85}
		{5C8BB8FF-F0BD-4D56-AE71-C3F580AB8F47} = {B2EEDD0D-FA84-460D-9DBB-0F23C5AA3B06}
		{A5C03099-87F4-4AED-8119-41056FF48722} = {B2EEDD0D-FA84-460D-9DBB-0F23C5AA3B06}
		{C7C6F88C-55B2-466B-A0EB-318D990B2C2E} = {FAFE10AF-AF2C-4D6F-82BC-81ED9863EE85}
		{129DC57C-243A-4F82-BBCF-0A1E6ED6EC6E} = {C7C6F88C-55B2-466B-A0EB-318D990B2C2E}
		{BDAAF03F-645C-4E45-BAE7-3309CC441A9C} = {FAFE10AF-AF2C-4D6F-82BC-81ED9863EE85}
		{EF3AC871-513F-49E5-854F-30BCB5F6B9B6} = {40C1783E-5AFE-4D71-B97F-2FBAF275A257}
		{F4356A52-5A33-4EA1-B523-F4AAE5B8E074} = {FAFE10AF-AF2C-4D6F-82BC-81ED9863EE85}
		{8370025A-AD2F-41C8-A5AF-C82008C5BB1F} = {40C1783E-5AFE-4D71-B97F-2FBAF275A257}
		{79C78CAD-C08A-4A43-8E01-C91BC88BA1B6} = {FAFE10AF-AF2C-4D6F-82BC-81ED9863EE85}
		{2999A355-D7EB-4167-BE4D-D32E5BDE9917} = {BDAAF03F-645C-4E45-BAE7-3309CC441A9C}
		{C9E9F105-FA5F-4E14-8DB2-95531033E62C} = {C7C6F88C-55B2-466B-A0EB-318D990B2C2E}
		{EC258AA4-7A4B-41BA-8BE2-E05555F2990B} = {C7C6F88C-55B2-466B-A0EB-318D990B2C2E}
		{6AA0E5B5-554D-4E94-9269-F1B0BCE7EB1E} = {C7C6F88C-55B2-466B-A0EB-318D990B2C2E}
		{1C0CCA8D-6D96-4532-B86A-E3FC4E598B37} = {FAFE10AF-AF2C-4D6F-82BC-81ED9863EE85}
		{5051B330-2E53-458B-A940-5BC19192E4C3} = {1C0CCA8D-6D96-4532-B86A-E3FC4E598B37}
		{B5F948D6-31C9-4343-8576-66F7BBA3BF36} = {C7C6F88C-55B2-466B-A0EB-318D990B2C2E}
		{A426753C-68A9-4878-8ECD-7352D7C30E5D} = {5051B330-2E53-458B-A940-5BC19192E4C3}
		{49D62744-D740-41B5-9749-31686A7FA8C4} = {5051B330-2E53-458B-A940-5BC19192E4C3}
		{0DE1B2C1-8D37-426B-883A-336F7D2A4F55} = {5051B330-2E53-458B-A940-5BC19192E4C3}
		{48ECB05A-6DFE-4713-A927-5C32EEF18487} = {5051B330-2E53-458B-A940-5BC19192E4C3}
		{9C55C627-3A47-4A4A-9BE4-5468529816C6} = {C7C6F88C-55B2-466B-A0EB-318D990B2C2E}
		{E1EE2AFD-01C2-4039-82AE-A391005DBB0B} = {C7C6F88C-55B2-466B-A0EB-318D990B2C2E}
		{45449303-EA76-4B02-B1EE-CCBB11D41186} = {336F8F07-C586-45D4-B7E2-20FDB911D3B5}
		{62CF1173-E7C8-4563-AD35-5AF9EADE86EA} = {45449303-EA76-4B02-B1EE-CCBB11D41186}
		{B41C4F41-E9F6-4C26-B701-E6A51C4E716F} = {45449303-EA76-4B02-B1EE-CCBB11D41186}
		{ED860E34-B8CA-4E78-AC0C-2167C5C67172} = {45449303-EA76-4B02-B1EE-CCBB11D41186}
		{A347067B-01F3-4599-8D51-ED23973E8043} = {45449303-EA76-4B02-B1EE-CCBB11D41186}
		{F0C6C271-B1C0-4922-BE27-B2527AD6D2D1} = {45449303-EA76-4B02-B1EE-CCBB11D41186}
		{54F16C71-D5DA-4F92-A183-832493915D5E} = {336F8F07-C586-45D4-B7E2-20FDB911D3B5}
		{D0D3668D-1456-4E6F-962B-18F45853F1AD} = {336F8F07-C586-45D4-B7E2-20FDB911D3B5}
		{B77FB842-C827-4853-82B0-142F5C246A69} = {62CF1173-E7C8-4563-AD35-5AF9EADE86EA}
		{933969A6-4EFA-4971-B4E6-2EA02F748ADD} = {5051B330-2E53-458B-A940-5BC19192E4C3}
		{E3D0E125-53AC-4884-BBDB-E2C29E5D8991} = {7CC7BD5E-E214-42C2-9CE0-627FD6D9E0D5}
		{FFAA5880-6B81-41DF-93F9-6D111113695D} = {7CC7BD5E-E214-42C2-9CE0-627FD6D9E0D5}
		{0C62B189-10A6-4597-BEE3-B253A5D35E1F} = {7CC7BD5E-E214-42C2-9CE0-627FD6D9E0D5}
		{79CB8FC6-049A-4553-BDC7-06DF2A922898} = {8F994388-9528-4E34-8479-4CB0C5EC9EBE}
		{E5A88967-3B37-4C42-ADDA-FA49F46206E9} = {8F994388-9528-4E34-8479-4CB0C5EC9EBE}
		{251C6EC8-00F4-499E-A468-67D95B414E0E} = {649A6568-F0E9-4734-83DF-C844B0C1F515}
		{D42A1ABF-D663-4BA7-A3C6-B02BBB9EF5A0} = {649A6568-F0E9-4734-83DF-C844B0C1F515}
		{DBB4A367-DD6C-4600-AC78-CE1F3D28A6F0} = {649A6568-F0E9-4734-83DF-C844B0C1F515}
		{4318A112-1E9D-406D-9102-E09AA7CD6CAD} = {649A6568-F0E9-4734-83DF-C844B0C1F515}
		{8188B0BC-3F50-4284-A84A-7E3235E35F77} = {649A6568-F0E9-4734-83DF-C844B0C1F515}
		{F0ECA8D4-1A43-4787-90FC-71537707D11C} = {A5C03099-87F4-4AED-8119-41056FF48722}
		{AE0440EC-2597-4194-8273-11136A3DF65F} = {A5C03099-87F4-4AED-8119-41056FF48722}
		{C11DA2A8-9C4F-441F-AA71-46F21F6F0CBC} = {A5C03099-87F4-4AED-8119-41056FF48722}
		{7A305F95-E462-4C84-AEB4-C6EFDED01E36} = {A5C03099-87F4-4AED-8119-41056FF48722}
		{3F766682-77A6-4BFE-A677-BD3EBC465C06} = {A5C03099-87F4-4AED-8119-41056FF48722}
		{FE2A821C-CE76-43FA-AE99-8B4B0BB1F01B} = {A5C03099-87F4-4AED-8119-41056FF48722}
		{D857D44F-C714-4A7A-A9A4-767411311D62} = {A5C03099-87F4-4AED-8119-41056FF48722}
		{6C506C51-75CA-4749-BD47-136B0AE00F71} = {129DC57C-243A-4F82-BBCF-0A1E6ED6EC6E}
		{59A2A05A-F281-4B4F-A4CC-3ABA219B7FEB} = {5C8BB8FF-F0BD-4D56-AE71-C3F580AB8F47}
		{43E294A2-DD99-40FB-BFA1-5C760A902D9E} = {5C8BB8FF-F0BD-4D56-AE71-C3F580AB8F47}
		{703CDDE9-CEB2-47EC-897D-1C8C468C9D5B} = {5C8BB8FF-F0BD-4D56-AE71-C3F580AB8F47}
		{4B57534A-9C72-43E4-BA43-0CC70452EE6A} = {5C8BB8FF-F0BD-4D56-AE71-C3F580AB8F47}
		{FC5B7484-B630-47C2-9819-2D35B36FAEF8} = {5C8BB8FF-F0BD-4D56-AE71-C3F580AB8F47}
		{9520A719-81D2-41F3-9E6A-1E90B8B7CEA4} = {5C8BB8FF-F0BD-4D56-AE71-C3F580AB8F47}
		{71BFA319-1012-45F6-8667-317F37704221} = {5C8BB8FF-F0BD-4D56-AE71-C3F580AB8F47}
		{FB040439-F4CD-45F4-97D0-9FEADB2E121C} = {BDAAF03F-645C-4E45-BAE7-3309CC441A9C}
		{76DEE9DC-144F-41A9-87F9-0980728C1E82} = {C9E9F105-FA5F-4E14-8DB2-95531033E62C}
		{37DF4461-61B8-48B8-B3F5-2635B4685C7C} = {EC258AA4-7A4B-41BA-8BE2-E05555F2990B}
		{EDF7CAB4-F73F-4B20-A84B-27FD3A8F436F} = {C7C6F88C-55B2-466B-A0EB-318D990B2C2E}
		{660319B3-363C-40A6-8DEE-CA8F48DAD6AE} = {C7C6F88C-55B2-466B-A0EB-318D990B2C2E}
		{39EBC92D-D3A0-421F-9FBB-7DA413F63288} = {6AA0E5B5-554D-4E94-9269-F1B0BCE7EB1E}
		{99C9E82C-C594-446D-AA59-8FFBC43AD226} = {5051B330-2E53-458B-A940-5BC19192E4C3}
		{175D974F-5770-43E1-8C28-813DED8525EF} = {0DE1B2C1-8D37-426B-883A-336F7D2A4F55}
		{47C79E8F-B568-4B5E-A98E-79B3AEF716BD} = {0DE1B2C1-8D37-426B-883A-336F7D2A4F55}
		{A5B35F7E-F9BD-45C8-9FBE-D780AF76C6BB} = {48ECB05A-6DFE-4713-A927-5C32EEF18487}
		{1FBCD2B2-CA1D-415E-80C5-32751255FEAD} = {B5F948D6-31C9-4343-8576-66F7BBA3BF36}
		{14EC94D4-6042-4D5C-B9E5-B760809372D0} = {48ECB05A-6DFE-4713-A927-5C32EEF18487}
		{E9E96BD5-31D8-4096-82BD-74FA0000F40B} = {C7C6F88C-55B2-466B-A0EB-318D990B2C2E}
		{373C2A89-02AE-4D83-82E5-13D3B4B15691} = {48ECB05A-6DFE-4713-A927-5C32EEF18487}
		{8A520113-4B42-41FE-B04A-7BD84E2ABC91} = {A426753C-68A9-4878-8ECD-7352D7C30E5D}
		{46A1FA93-8615-4AE3-BD61-552CF7B2B46B} = {A426753C-68A9-4878-8ECD-7352D7C30E5D}
		{2F9BEC46-AC34-4322-9788-89F42DBC5152} = {A426753C-68A9-4878-8ECD-7352D7C30E5D}
		{9B316E7A-2C27-49CE-8DEB-B31CDFA6C249} = {A426753C-68A9-4878-8ECD-7352D7C30E5D}
		{AB8B448C-DD74-4D60-A041-3E5D03A32180} = {A426753C-68A9-4878-8ECD-7352D7C30E5D}
		{DCB9DA11-C0B3-4C57-B98D-8AA9BAB9BE40} = {A426753C-68A9-4878-8ECD-7352D7C30E5D}
		{52FFDE38-1DE0-4E41-B96A-DC5E4C261414} = {A426753C-68A9-4878-8ECD-7352D7C30E5D}
		{462B8FCD-799A-4284-A565-018CE7E1E52C} = {A426753C-68A9-4878-8ECD-7352D7C30E5D}
		{840A4071-FCD2-4796-91F3-2A4313C75D1B} = {A426753C-68A9-4878-8ECD-7352D7C30E5D}
		{E97A55B5-66F7-48C8-908D-C1C0C3D780C8} = {49D62744-D740-41B5-9749-31686A7FA8C4}
		{BB1A970E-6021-4551-87D7-4663BDA95B83} = {49D62744-D740-41B5-9749-31686A7FA8C4}
		{3AF56532-15B2-436E-8813-BA13B64DFBB3} = {49D62744-D740-41B5-9749-31686A7FA8C4}
		{1A9F2288-7E7C-4DE0-B67B-3176B5142857} = {49D62744-D740-41B5-9749-31686A7FA8C4}
		{182ECC6B-E4F0-43F9-B118-54AD553689E7} = {9C55C627-3A47-4A4A-9BE4-5468529816C6}
		{7ED44290-B733-465E-8DA7-654FD249032A} = {E1EE2AFD-01C2-4039-82AE-A391005DBB0B}
		{489706E3-C226-4D83-BB3D-C5A0D49D3835} = {F0C6C271-B1C0-4922-BE27-B2527AD6D2D1}
		{FA36194E-68EC-4179-B9AC-EF9D1B843DB7} = {B77FB842-C827-4853-82B0-142F5C246A69}
		{A2701A97-77CB-4BB2-9CB3-CE4B30DAC983} = {B77FB842-C827-4853-82B0-142F5C246A69}
		{3381F123-4971-4DE4-9982-4370DAD2A4B0} = {B77FB842-C827-4853-82B0-142F5C246A69}
		{26DCC6D3-46FA-4D4D-AFE0-DE2F88404306} = {933969A6-4EFA-4971-B4E6-2EA02F748ADD}
		{50E055F6-083F-4C46-9CF7-BC2DC23E1552} = {933969A6-4EFA-4971-B4E6-2EA02F748ADD}
		{E33B900A-787B-44E1-B99B-7F7264320BE6} = {B77FB842-C827-4853-82B0-142F5C246A69}
		{E0926928-EA49-4304-A9C4-DFB0426FA167} = {45449303-EA76-4B02-B1EE-CCBB11D41186}
	EndGlobalSection
EndGlobal
