
Microsoft Visual Studio Solution File, Format Version 12.00
# Visual Studio 14
VisualStudioVersion = 14.0.25123.0
MinimumVisualStudioVersion = 10.0.40219.1
Project("{2150E333-8FDC-42A3-9474-1A3956D46DE8}") = "Solution Items", "Solution Items", "{8F994388-9528-4E34-8479-4CB0C5EC9EBE}"
	ProjectSection(SolutionItems) = preProject
		Readme.txt = Readme.txt
	EndProjectSection
EndProject
Project("{FAE04EC0-301F-11D3-BF4B-00C04F79EFBC}") = "TcpListener", "TcpListener\TcpListener.csproj", "{E3D0E125-53AC-4884-BBDB-E2C29E5D8991}"
EndProject
Project("{FAE04EC0-301F-11D3-BF4B-00C04F79EFBC}") = "TcpClient", "TcpClient\TcpClient.csproj", "{FFAA5880-6B81-41DF-93F9-6D111113695D}"
EndProject
Project("{FAE04EC0-301F-11D3-BF4B-00C04F79EFBC}") = "LoggerSim", "LoggerSim\LoggerSim.csproj", "{0C62B189-10A6-4597-BEE3-B253A5D35E1F}"
EndProject
Project("{FAE04EC0-301F-11D3-BF4B-00C04F79EFBC}") = "CommandLinePowerArgs", "CommandLinePowersArgs\CommandLinePowerArgs.csproj", "{79CB8FC6-049A-4553-BDC7-06DF2A922898}"
EndProject
Project("{2150E333-8FDC-42A3-9474-1A3956D46DE8}") = "Parsers", "Parsers", "{03C0A83D-44F0-4AF3-A0A3-5FA2811EC40D}"
EndProject
Project("{FAE04EC0-301F-11D3-BF4B-00C04F79EFBC}") = "CommandLineFluent", "CommandLineFluent\CommandLineFluent.csproj", "{E5A88967-3B37-4C42-ADDA-FA49F46206E9}"
EndProject
Project("{FAE04EC0-301F-11D3-BF4B-00C04F79EFBC}") = "ZeroMQ_Test_1", "ZeroMQ_Test_1\ZeroMQ_Test_1.csproj", "{251C6EC8-00F4-499E-A468-67D95B414E0E}"
EndProject
Project("{FAE04EC0-301F-11D3-BF4B-00C04F79EFBC}") = "ZeroMQ_Test_2", "ZeroMQ_Test_2\ZeroMQ_Test_2.csproj", "{D42A1ABF-D663-4BA7-A3C6-B02BBB9EF5A0}"
EndProject
Global
	GlobalSection(SolutionConfigurationPlatforms) = preSolution
		Debug|Any CPU = Debug|Any CPU
		Release|Any CPU = Release|Any CPU
	EndGlobalSection
	GlobalSection(ProjectConfigurationPlatforms) = postSolution
		{E3D0E125-53AC-4884-BBDB-E2C29E5D8991}.Debug|Any CPU.ActiveCfg = Debug|Any CPU
		{E3D0E125-53AC-4884-BBDB-E2C29E5D8991}.Debug|Any CPU.Build.0 = Debug|Any CPU
		{E3D0E125-53AC-4884-BBDB-E2C29E5D8991}.Release|Any CPU.ActiveCfg = Release|Any CPU
		{E3D0E125-53AC-4884-BBDB-E2C29E5D8991}.Release|Any CPU.Build.0 = Release|Any CPU
		{FFAA5880-6B81-41DF-93F9-6D111113695D}.Debug|Any CPU.ActiveCfg = Debug|Any CPU
		{FFAA5880-6B81-41DF-93F9-6D111113695D}.Debug|Any CPU.Build.0 = Debug|Any CPU
		{FFAA5880-6B81-41DF-93F9-6D111113695D}.Release|Any CPU.ActiveCfg = Release|Any CPU
		{FFAA5880-6B81-41DF-93F9-6D111113695D}.Release|Any CPU.Build.0 = Release|Any CPU
		{0C62B189-10A6-4597-BEE3-B253A5D35E1F}.Debug|Any CPU.ActiveCfg = Debug|Any CPU
		{0C62B189-10A6-4597-BEE3-B253A5D35E1F}.Debug|Any CPU.Build.0 = Debug|Any CPU
		{0C62B189-10A6-4597-BEE3-B253A5D35E1F}.Release|Any CPU.ActiveCfg = Release|Any CPU
		{0C62B189-10A6-4597-BEE3-B253A5D35E1F}.Release|Any CPU.Build.0 = Release|Any CPU
		{79CB8FC6-049A-4553-BDC7-06DF2A922898}.Debug|Any CPU.ActiveCfg = Debug|Any CPU
		{79CB8FC6-049A-4553-BDC7-06DF2A922898}.Debug|Any CPU.Build.0 = Debug|Any CPU
		{79CB8FC6-049A-4553-BDC7-06DF2A922898}.Release|Any CPU.ActiveCfg = Release|Any CPU
		{79CB8FC6-049A-4553-BDC7-06DF2A922898}.Release|Any CPU.Build.0 = Release|Any CPU
		{E5A88967-3B37-4C42-ADDA-FA49F46206E9}.Debug|Any CPU.ActiveCfg = Debug|Any CPU
		{E5A88967-3B37-4C42-ADDA-FA49F46206E9}.Debug|Any CPU.Build.0 = Debug|Any CPU
		{E5A88967-3B37-4C42-ADDA-FA49F46206E9}.Release|Any CPU.ActiveCfg = Release|Any CPU
		{E5A88967-3B37-4C42-ADDA-FA49F46206E9}.Release|Any CPU.Build.0 = Release|Any CPU
		{251C6EC8-00F4-499E-A468-67D95B414E0E}.Debug|Any CPU.ActiveCfg = Debug|Any CPU
		{251C6EC8-00F4-499E-A468-67D95B414E0E}.Debug|Any CPU.Build.0 = Debug|Any CPU
		{251C6EC8-00F4-499E-A468-67D95B414E0E}.Release|Any CPU.ActiveCfg = Release|Any CPU
		{251C6EC8-00F4-499E-A468-67D95B414E0E}.Release|Any CPU.Build.0 = Release|Any CPU
		{D42A1ABF-D663-4BA7-A3C6-B02BBB9EF5A0}.Debug|Any CPU.ActiveCfg = Debug|Any CPU
		{D42A1ABF-D663-4BA7-A3C6-B02BBB9EF5A0}.Debug|Any CPU.Build.0 = Debug|Any CPU
		{D42A1ABF-D663-4BA7-A3C6-B02BBB9EF5A0}.Release|Any CPU.ActiveCfg = Release|Any CPU
		{D42A1ABF-D663-4BA7-A3C6-B02BBB9EF5A0}.Release|Any CPU.Build.0 = Release|Any CPU
	EndGlobalSection
	GlobalSection(SolutionProperties) = preSolution
		HideSolutionNode = FALSE
	EndGlobalSection
	GlobalSection(NestedProjects) = preSolution
		{79CB8FC6-049A-4553-BDC7-06DF2A922898} = {03C0A83D-44F0-4AF3-A0A3-5FA2811EC40D}
		{03C0A83D-44F0-4AF3-A0A3-5FA2811EC40D} = {8F994388-9528-4E34-8479-4CB0C5EC9EBE}
	EndGlobalSection
EndGlobal
